// !$*UTF8*$!
{
	archiveVersion = 1;
	classes = {
	};
	objectVersion = 46;
	objects = {

/* Begin PBXBuildFile section */
		F143A6DD1E9A4E27003B11D1 /* main.m in Sources */ = {isa = PBXBuildFile; fileRef = F143A6DC1E9A4E27003B11D1 /* main.m */; };
		F143A6E01E9A4E27003B11D1 /* AppDelegate.m in Sources */ = {isa = PBXBuildFile; fileRef = F143A6DF1E9A4E27003B11D1 /* AppDelegate.m */; };
		F143A6E61E9A4E27003B11D1 /* Main.storyboard in Resources */ = {isa = PBXBuildFile; fileRef = F143A6E41E9A4E27003B11D1 /* Main.storyboard */; };
		F143A6E91E9A4E27003B11D1 /* iSchool.xcdatamodeld in Sources */ = {isa = PBXBuildFile; fileRef = F143A6E71E9A4E27003B11D1 /* iSchool.xcdatamodeld */; };
		F143A6EB1E9A4E27003B11D1 /* Assets.xcassets in Resources */ = {isa = PBXBuildFile; fileRef = F143A6EA1E9A4E27003B11D1 /* Assets.xcassets */; };
		F143A6EE1E9A4E27003B11D1 /* LaunchScreen.storyboard in Resources */ = {isa = PBXBuildFile; fileRef = F143A6EC1E9A4E27003B11D1 /* LaunchScreen.storyboard */; };
		F143A6F81E9A4F77003B11D1 /* LoginViewController.m in Sources */ = {isa = PBXBuildFile; fileRef = F143A6F71E9A4F77003B11D1 /* LoginViewController.m */; };
		F143A6FB1E9A4FDE003B11D1 /* PupilPanelViewController.m in Sources */ = {isa = PBXBuildFile; fileRef = F143A6FA1E9A4FDE003B11D1 /* PupilPanelViewController.m */; };
		F143A6FE1E9A4FEE003B11D1 /* TeacherPanelViewController.m in Sources */ = {isa = PBXBuildFile; fileRef = F143A6FD1E9A4FEE003B11D1 /* TeacherPanelViewController.m */; };
		F143A7021E9A5AAB003B11D1 /* SectionCollectionViewCell.m in Sources */ = {isa = PBXBuildFile; fileRef = F143A7011E9A5AAB003B11D1 /* SectionCollectionViewCell.m */; };
		F143A7041E9A5B6B003B11D1 /* SectionCollectionViewCell.xib in Resources */ = {isa = PBXBuildFile; fileRef = F143A7031E9A5B6B003B11D1 /* SectionCollectionViewCell.xib */; };
		F143A70E1E9A667C003B11D1 /* Constants.m in Sources */ = {isa = PBXBuildFile; fileRef = F143A70D1E9A667C003B11D1 /* Constants.m */; };
		F143A7111E9A70D3003B11D1 /* JournalViewController.m in Sources */ = {isa = PBXBuildFile; fileRef = F143A7101E9A70D3003B11D1 /* JournalViewController.m */; };
		F143A7141E9A71E6003B11D1 /* SubjectTableViewCell.m in Sources */ = {isa = PBXBuildFile; fileRef = F143A7131E9A71E6003B11D1 /* SubjectTableViewCell.m */; };
		F143A7181E9A79F1003B11D1 /* SubjectJournalViewController.m in Sources */ = {isa = PBXBuildFile; fileRef = F143A7171E9A79F1003B11D1 /* SubjectJournalViewController.m */; };
		F143A71B1E9A81F9003B11D1 /* ScheduleViewController.m in Sources */ = {isa = PBXBuildFile; fileRef = F143A71A1E9A81F9003B11D1 /* ScheduleViewController.m */; };
		F143A7211E9A8FEB003B11D1 /* SubjectMaterialsViewController.m in Sources */ = {isa = PBXBuildFile; fileRef = F143A7201E9A8FEB003B11D1 /* SubjectMaterialsViewController.m */; };
		F143A7241E9A96AD003B11D1 /* SubjectMaterialTableViewCell.m in Sources */ = {isa = PBXBuildFile; fileRef = F143A7231E9A96AD003B11D1 /* SubjectMaterialTableViewCell.m */; };
/* End PBXBuildFile section */

/* Begin PBXFileReference section */
		F143A6D81E9A4E27003B11D1 /* iSchool.app */ = {isa = PBXFileReference; explicitFileType = wrapper.application; includeInIndex = 0; path = iSchool.app; sourceTree = BUILT_PRODUCTS_DIR; };
		F143A6DC1E9A4E27003B11D1 /* main.m */ = {isa = PBXFileReference; lastKnownFileType = sourcecode.c.objc; path = main.m; sourceTree = "<group>"; };
		F143A6DE1E9A4E27003B11D1 /* AppDelegate.h */ = {isa = PBXFileReference; lastKnownFileType = sourcecode.c.h; path = AppDelegate.h; sourceTree = "<group>"; };
		F143A6DF1E9A4E27003B11D1 /* AppDelegate.m */ = {isa = PBXFileReference; lastKnownFileType = sourcecode.c.objc; path = AppDelegate.m; sourceTree = "<group>"; };
		F143A6E51E9A4E27003B11D1 /* Base */ = {isa = PBXFileReference; lastKnownFileType = file.storyboard; name = Base; path = Base.lproj/Main.storyboard; sourceTree = "<group>"; };
		F143A6E81E9A4E27003B11D1 /* iSchool.xcdatamodel */ = {isa = PBXFileReference; lastKnownFileType = wrapper.xcdatamodel; path = iSchool.xcdatamodel; sourceTree = "<group>"; };
		F143A6EA1E9A4E27003B11D1 /* Assets.xcassets */ = {isa = PBXFileReference; lastKnownFileType = folder.assetcatalog; path = Assets.xcassets; sourceTree = "<group>"; };
		F143A6ED1E9A4E27003B11D1 /* Base */ = {isa = PBXFileReference; lastKnownFileType = file.storyboard; name = Base; path = Base.lproj/LaunchScreen.storyboard; sourceTree = "<group>"; };
		F143A6EF1E9A4E27003B11D1 /* Info.plist */ = {isa = PBXFileReference; lastKnownFileType = text.plist.xml; path = Info.plist; sourceTree = "<group>"; };
		F143A6F61E9A4F77003B11D1 /* LoginViewController.h */ = {isa = PBXFileReference; fileEncoding = 4; lastKnownFileType = sourcecode.c.h; name = LoginViewController.h; path = ViewControllers/LoginViewController.h; sourceTree = "<group>"; };
		F143A6F71E9A4F77003B11D1 /* LoginViewController.m */ = {isa = PBXFileReference; fileEncoding = 4; lastKnownFileType = sourcecode.c.objc; name = LoginViewController.m; path = ViewControllers/LoginViewController.m; sourceTree = "<group>"; };
		F143A6F91E9A4FDE003B11D1 /* PupilPanelViewController.h */ = {isa = PBXFileReference; fileEncoding = 4; lastKnownFileType = sourcecode.c.h; name = PupilPanelViewController.h; path = ViewControllers/PupilPanelViewController.h; sourceTree = "<group>"; };
		F143A6FA1E9A4FDE003B11D1 /* PupilPanelViewController.m */ = {isa = PBXFileReference; fileEncoding = 4; lastKnownFileType = sourcecode.c.objc; name = PupilPanelViewController.m; path = ViewControllers/PupilPanelViewController.m; sourceTree = "<group>"; };
		F143A6FC1E9A4FEE003B11D1 /* TeacherPanelViewController.h */ = {isa = PBXFileReference; fileEncoding = 4; lastKnownFileType = sourcecode.c.h; name = TeacherPanelViewController.h; path = ViewControllers/TeacherPanelViewController.h; sourceTree = "<group>"; };
		F143A6FD1E9A4FEE003B11D1 /* TeacherPanelViewController.m */ = {isa = PBXFileReference; fileEncoding = 4; lastKnownFileType = sourcecode.c.objc; name = TeacherPanelViewController.m; path = ViewControllers/TeacherPanelViewController.m; sourceTree = "<group>"; };
		F143A7001E9A5AAB003B11D1 /* SectionCollectionViewCell.h */ = {isa = PBXFileReference; fileEncoding = 4; lastKnownFileType = sourcecode.c.h; name = SectionCollectionViewCell.h; path = ViewControllers/Cells/SectionCollectionViewCell.h; sourceTree = "<group>"; };
		F143A7011E9A5AAB003B11D1 /* SectionCollectionViewCell.m */ = {isa = PBXFileReference; fileEncoding = 4; lastKnownFileType = sourcecode.c.objc; name = SectionCollectionViewCell.m; path = ViewControllers/Cells/SectionCollectionViewCell.m; sourceTree = "<group>"; };
		F143A7031E9A5B6B003B11D1 /* SectionCollectionViewCell.xib */ = {isa = PBXFileReference; fileEncoding = 4; lastKnownFileType = file.xib; name = SectionCollectionViewCell.xib; path = ViewControllers/Cells/SectionCollectionViewCell.xib; sourceTree = "<group>"; };
		F143A70C1E9A667C003B11D1 /* Constants.h */ = {isa = PBXFileReference; fileEncoding = 4; lastKnownFileType = sourcecode.c.h; path = Constants.h; sourceTree = "<group>"; };
		F143A70D1E9A667C003B11D1 /* Constants.m */ = {isa = PBXFileReference; fileEncoding = 4; lastKnownFileType = sourcecode.c.objc; path = Constants.m; sourceTree = "<group>"; };
		F143A70F1E9A70D3003B11D1 /* JournalViewController.h */ = {isa = PBXFileReference; fileEncoding = 4; lastKnownFileType = sourcecode.c.h; name = JournalViewController.h; path = ViewControllers/JournalViewController.h; sourceTree = "<group>"; };
		F143A7101E9A70D3003B11D1 /* JournalViewController.m */ = {isa = PBXFileReference; fileEncoding = 4; lastKnownFileType = sourcecode.c.objc; name = JournalViewController.m; path = ViewControllers/JournalViewController.m; sourceTree = "<group>"; };
		F143A7121E9A71E6003B11D1 /* SubjectTableViewCell.h */ = {isa = PBXFileReference; fileEncoding = 4; lastKnownFileType = sourcecode.c.h; name = SubjectTableViewCell.h; path = ViewControllers/Cells/SubjectTableViewCell.h; sourceTree = "<group>"; };
		F143A7131E9A71E6003B11D1 /* SubjectTableViewCell.m */ = {isa = PBXFileReference; fileEncoding = 4; lastKnownFileType = sourcecode.c.objc; name = SubjectTableViewCell.m; path = ViewControllers/Cells/SubjectTableViewCell.m; sourceTree = "<group>"; };
		F143A7161E9A79F1003B11D1 /* SubjectJournalViewController.h */ = {isa = PBXFileReference; fileEncoding = 4; lastKnownFileType = sourcecode.c.h; name = SubjectJournalViewController.h; path = ViewControllers/SubjectJournalViewController.h; sourceTree = "<group>"; };
		F143A7171E9A79F1003B11D1 /* SubjectJournalViewController.m */ = {isa = PBXFileReference; fileEncoding = 4; lastKnownFileType = sourcecode.c.objc; name = SubjectJournalViewController.m; path = ViewControllers/SubjectJournalViewController.m; sourceTree = "<group>"; };
		F143A7191E9A81F9003B11D1 /* ScheduleViewController.h */ = {isa = PBXFileReference; fileEncoding = 4; lastKnownFileType = sourcecode.c.h; name = ScheduleViewController.h; path = ViewControllers/ScheduleViewController.h; sourceTree = "<group>"; };
		F143A71A1E9A81F9003B11D1 /* ScheduleViewController.m */ = {isa = PBXFileReference; fileEncoding = 4; lastKnownFileType = sourcecode.c.objc; name = ScheduleViewController.m; path = ViewControllers/ScheduleViewController.m; sourceTree = "<group>"; };
		F143A71F1E9A8FEB003B11D1 /* SubjectMaterialsViewController.h */ = {isa = PBXFileReference; fileEncoding = 4; lastKnownFileType = sourcecode.c.h; name = SubjectMaterialsViewController.h; path = ViewControllers/SubjectMaterialsViewController.h; sourceTree = "<group>"; };
		F143A7201E9A8FEB003B11D1 /* SubjectMaterialsViewController.m */ = {isa = PBXFileReference; fileEncoding = 4; lastKnownFileType = sourcecode.c.objc; name = SubjectMaterialsViewController.m; path = ViewControllers/SubjectMaterialsViewController.m; sourceTree = "<group>"; };
		F143A7221E9A96AD003B11D1 /* SubjectMaterialTableViewCell.h */ = {isa = PBXFileReference; fileEncoding = 4; lastKnownFileType = sourcecode.c.h; name = SubjectMaterialTableViewCell.h; path = ViewControllers/Cells/SubjectMaterialTableViewCell.h; sourceTree = "<group>"; };
		F143A7231E9A96AD003B11D1 /* SubjectMaterialTableViewCell.m */ = {isa = PBXFileReference; fileEncoding = 4; lastKnownFileType = sourcecode.c.objc; name = SubjectMaterialTableViewCell.m; path = ViewControllers/Cells/SubjectMaterialTableViewCell.m; sourceTree = "<group>"; };
/* End PBXFileReference section */

/* Begin PBXFrameworksBuildPhase section */
		F143A6D51E9A4E27003B11D1 /* Frameworks */ = {
			isa = PBXFrameworksBuildPhase;
			buildActionMask = 2147483647;
			files = (
			);
			runOnlyForDeploymentPostprocessing = 0;
		};
/* End PBXFrameworksBuildPhase section */

/* Begin PBXGroup section */
		F143A6CF1E9A4E27003B11D1 = {
			isa = PBXGroup;
			children = (
				F143A6DA1E9A4E27003B11D1 /* iSchool */,
				F143A6D91E9A4E27003B11D1 /* Products */,
			);
			sourceTree = "<group>";
		};
		F143A6D91E9A4E27003B11D1 /* Products */ = {
			isa = PBXGroup;
			children = (
				F143A6D81E9A4E27003B11D1 /* iSchool.app */,
			);
			name = Products;
			sourceTree = "<group>";
		};
		F143A6DA1E9A4E27003B11D1 /* iSchool */ = {
			isa = PBXGroup;
			children = (
				F143A6F51E9A4F61003B11D1 /* ViewControllers */,
				F143A6DE1E9A4E27003B11D1 /* AppDelegate.h */,
				F143A6DF1E9A4E27003B11D1 /* AppDelegate.m */,
				F143A70C1E9A667C003B11D1 /* Constants.h */,
				F143A70D1E9A667C003B11D1 /* Constants.m */,
				F143A6E41E9A4E27003B11D1 /* Main.storyboard */,
				F143A6EA1E9A4E27003B11D1 /* Assets.xcassets */,
				F143A6EC1E9A4E27003B11D1 /* LaunchScreen.storyboard */,
				F143A6EF1E9A4E27003B11D1 /* Info.plist */,
				F143A6E71E9A4E27003B11D1 /* iSchool.xcdatamodeld */,
				F143A6DB1E9A4E27003B11D1 /* Supporting Files */,
			);
			path = iSchool;
			sourceTree = "<group>";
		};
		F143A6DB1E9A4E27003B11D1 /* Supporting Files */ = {
			isa = PBXGroup;
			children = (
				F143A6DC1E9A4E27003B11D1 /* main.m */,
			);
			name = "Supporting Files";
			sourceTree = "<group>";
		};
		F143A6F51E9A4F61003B11D1 /* ViewControllers */ = {
			isa = PBXGroup;
			children = (
				F143A6FF1E9A5508003B11D1 /* Cells */,
				F143A70F1E9A70D3003B11D1 /* JournalViewController.h */,
				F143A7101E9A70D3003B11D1 /* JournalViewController.m */,
				F143A6F61E9A4F77003B11D1 /* LoginViewController.h */,
				F143A6F71E9A4F77003B11D1 /* LoginViewController.m */,
				F143A6F91E9A4FDE003B11D1 /* PupilPanelViewController.h */,
				F143A6FA1E9A4FDE003B11D1 /* PupilPanelViewController.m */,
				F143A7191E9A81F9003B11D1 /* ScheduleViewController.h */,
				F143A71A1E9A81F9003B11D1 /* ScheduleViewController.m */,
				F143A7161E9A79F1003B11D1 /* SubjectJournalViewController.h */,
				F143A7171E9A79F1003B11D1 /* SubjectJournalViewController.m */,
				F143A71F1E9A8FEB003B11D1 /* SubjectMaterialsViewController.h */,
				F143A7201E9A8FEB003B11D1 /* SubjectMaterialsViewController.m */,
				F143A6FC1E9A4FEE003B11D1 /* TeacherPanelViewController.h */,
				F143A6FD1E9A4FEE003B11D1 /* TeacherPanelViewController.m */,
			);
			name = ViewControllers;
			sourceTree = "<group>";
		};
		F143A6FF1E9A5508003B11D1 /* Cells */ = {
			isa = PBXGroup;
			children = (
				F143A7001E9A5AAB003B11D1 /* SectionCollectionViewCell.h */,
				F143A7011E9A5AAB003B11D1 /* SectionCollectionViewCell.m */,
				F143A7031E9A5B6B003B11D1 /* SectionCollectionViewCell.xib */,
				F143A7221E9A96AD003B11D1 /* SubjectMaterialTableViewCell.h */,
				F143A7231E9A96AD003B11D1 /* SubjectMaterialTableViewCell.m */,
				F143A7121E9A71E6003B11D1 /* SubjectTableViewCell.h */,
				F143A7131E9A71E6003B11D1 /* SubjectTableViewCell.m */,
			);
			name = Cells;
			sourceTree = "<group>";
		};
/* End PBXGroup section */

/* Begin PBXNativeTarget section */
		F143A6D71E9A4E27003B11D1 /* iSchool */ = {
			isa = PBXNativeTarget;
			buildConfigurationList = F143A6F21E9A4E27003B11D1 /* Build configuration list for PBXNativeTarget "iSchool" */;
			buildPhases = (
				F143A6D41E9A4E27003B11D1 /* Sources */,
				F143A6D51E9A4E27003B11D1 /* Frameworks */,
				F143A6D61E9A4E27003B11D1 /* Resources */,
			);
			buildRules = (
			);
			dependencies = (
			);
			name = iSchool;
			productName = iSchool;
			productReference = F143A6D81E9A4E27003B11D1 /* iSchool.app */;
			productType = "com.apple.product-type.application";
		};
/* End PBXNativeTarget section */

/* Begin PBXProject section */
		F143A6D01E9A4E27003B11D1 /* Project object */ = {
			isa = PBXProject;
			attributes = {
				LastUpgradeCheck = 0830;
				ORGANIZATIONNAME = "Pavel Ivanov";
				TargetAttributes = {
					F143A6D71E9A4E27003B11D1 = {
						CreatedOnToolsVersion = 8.3.1;
						DevelopmentTeam = QL67B5CVGR;
						ProvisioningStyle = Automatic;
					};
				};
			};
			buildConfigurationList = F143A6D31E9A4E27003B11D1 /* Build configuration list for PBXProject "iSchool" */;
			compatibilityVersion = "Xcode 3.2";
			developmentRegion = English;
			hasScannedForEncodings = 0;
			knownRegions = (
				en,
				Base,
			);
			mainGroup = F143A6CF1E9A4E27003B11D1;
			productRefGroup = F143A6D91E9A4E27003B11D1 /* Products */;
			projectDirPath = "";
			projectRoot = "";
			targets = (
				F143A6D71E9A4E27003B11D1 /* iSchool */,
			);
		};
/* End PBXProject section */

/* Begin PBXResourcesBuildPhase section */
		F143A6D61E9A4E27003B11D1 /* Resources */ = {
			isa = PBXResourcesBuildPhase;
			buildActionMask = 2147483647;
			files = (
				F143A6EE1E9A4E27003B11D1 /* LaunchScreen.storyboard in Resources */,
				F143A6EB1E9A4E27003B11D1 /* Assets.xcassets in Resources */,
				F143A7041E9A5B6B003B11D1 /* SectionCollectionViewCell.xib in Resources */,
				F143A6E61E9A4E27003B11D1 /* Main.storyboard in Resources */,
			);
			runOnlyForDeploymentPostprocessing = 0;
		};
/* End PBXResourcesBuildPhase section */

/* Begin PBXSourcesBuildPhase section */
		F143A6D41E9A4E27003B11D1 /* Sources */ = {
			isa = PBXSourcesBuildPhase;
			buildActionMask = 2147483647;
			files = (
				F143A6F81E9A4F77003B11D1 /* LoginViewController.m in Sources */,
				F143A7211E9A8FEB003B11D1 /* SubjectMaterialsViewController.m in Sources */,
				F143A7021E9A5AAB003B11D1 /* SectionCollectionViewCell.m in Sources */,
				F143A6FB1E9A4FDE003B11D1 /* PupilPanelViewController.m in Sources */,
				F143A70E1E9A667C003B11D1 /* Constants.m in Sources */,
				F143A6E91E9A4E27003B11D1 /* iSchool.xcdatamodeld in Sources */,
				F143A6E01E9A4E27003B11D1 /* AppDelegate.m in Sources */,
				F143A7241E9A96AD003B11D1 /* SubjectMaterialTableViewCell.m in Sources */,
				F143A7141E9A71E6003B11D1 /* SubjectTableViewCell.m in Sources */,
				F143A71B1E9A81F9003B11D1 /* ScheduleViewController.m in Sources */,
				F143A7181E9A79F1003B11D1 /* SubjectJournalViewController.m in Sources */,
				F143A7111E9A70D3003B11D1 /* JournalViewController.m in Sources */,
				F143A6FE1E9A4FEE003B11D1 /* TeacherPanelViewController.m in Sources */,
				F143A6DD1E9A4E27003B11D1 /* main.m in Sources */,
			);
			runOnlyForDeploymentPostprocessing = 0;
		};
/* End PBXSourcesBuildPhase section */

/* Begin PBXVariantGroup section */
		F143A6E41E9A4E27003B11D1 /* Main.storyboard */ = {
			isa = PBXVariantGroup;
			children = (
				F143A6E51E9A4E27003B11D1 /* Base */,
			);
			name = Main.storyboard;
			sourceTree = "<group>";
		};
		F143A6EC1E9A4E27003B11D1 /* LaunchScreen.storyboard */ = {
			isa = PBXVariantGroup;
			children = (
				F143A6ED1E9A4E27003B11D1 /* Base */,
			);
			name = LaunchScreen.storyboard;
			sourceTree = "<group>";
		};
/* End PBXVariantGroup section */

/* Begin XCBuildConfiguration section */
		F143A6F01E9A4E27003B11D1 /* Debug */ = {
			isa = XCBuildConfiguration;
			buildSettings = {
				ALWAYS_SEARCH_USER_PATHS = NO;
				CLANG_ANALYZER_NONNULL = YES;
				CLANG_ANALYZER_NUMBER_OBJECT_CONVERSION = YES_AGGRESSIVE;
				CLANG_CXX_LANGUAGE_STANDARD = "gnu++0x";
				CLANG_CXX_LIBRARY = "libc++";
				CLANG_ENABLE_MODULES = YES;
				CLANG_ENABLE_OBJC_ARC = YES;
				CLANG_WARN_BOOL_CONVERSION = YES;
				CLANG_WARN_CONSTANT_CONVERSION = YES;
				CLANG_WARN_DIRECT_OBJC_ISA_USAGE = YES_ERROR;
				CLANG_WARN_DOCUMENTATION_COMMENTS = YES;
				CLANG_WARN_EMPTY_BODY = YES;
				CLANG_WARN_ENUM_CONVERSION = YES;
				CLANG_WARN_INFINITE_RECURSION = YES;
				CLANG_WARN_INT_CONVERSION = YES;
				CLANG_WARN_OBJC_ROOT_CLASS = YES_ERROR;
				CLANG_WARN_SUSPICIOUS_MOVE = YES;
				CLANG_WARN_UNREACHABLE_CODE = YES;
				CLANG_WARN__DUPLICATE_METHOD_MATCH = YES;
				"CODE_SIGN_IDENTITY[sdk=iphoneos*]" = "iPhone Developer";
				COPY_PHASE_STRIP = NO;
				DEBUG_INFORMATION_FORMAT = dwarf;
				ENABLE_STRICT_OBJC_MSGSEND = YES;
				ENABLE_TESTABILITY = YES;
				GCC_C_LANGUAGE_STANDARD = gnu99;
				GCC_DYNAMIC_NO_PIC = NO;
				GCC_NO_COMMON_BLOCKS = YES;
				GCC_OPTIMIZATION_LEVEL = 0;
				GCC_PREPROCESSOR_DEFINITIONS = (
					"DEBUG=1",
					"$(inherited)",
				);
				GCC_WARN_64_TO_32_BIT_CONVERSION = YES;
				GCC_WARN_ABOUT_RETURN_TYPE = YES_ERROR;
				GCC_WARN_UNDECLARED_SELECTOR = YES;
				GCC_WARN_UNINITIALIZED_AUTOS = YES_AGGRESSIVE;
				GCC_WARN_UNUSED_FUNCTION = YES;
				GCC_WARN_UNUSED_VARIABLE = YES;
				IPHONEOS_DEPLOYMENT_TARGET = 10.3;
				MTL_ENABLE_DEBUG_INFO = YES;
				ONLY_ACTIVE_ARCH = YES;
				SDKROOT = iphoneos;
			};
			name = Debug;
		};
		F143A6F11E9A4E27003B11D1 /* Release */ = {
			isa = XCBuildConfiguration;
			buildSettings = {
				ALWAYS_SEARCH_USER_PATHS = NO;
				CLANG_ANALYZER_NONNULL = YES;
				CLANG_ANALYZER_NUMBER_OBJECT_CONVERSION = YES_AGGRESSIVE;
				CLANG_CXX_LANGUAGE_STANDARD = "gnu++0x";
				CLANG_CXX_LIBRARY = "libc++";
				CLANG_ENABLE_MODULES = YES;
				CLANG_ENABLE_OBJC_ARC = YES;
				CLANG_WARN_BOOL_CONVERSION = YES;
				CLANG_WARN_CONSTANT_CONVERSION = YES;
				CLANG_WARN_DIRECT_OBJC_ISA_USAGE = YES_ERROR;
				CLANG_WARN_DOCUMENTATION_COMMENTS = YES;
				CLANG_WARN_EMPTY_BODY = YES;
				CLANG_WARN_ENUM_CONVERSION = YES;
				CLANG_WARN_INFINITE_RECURSION = YES;
				CLANG_WARN_INT_CONVERSION = YES;
				CLANG_WARN_OBJC_ROOT_CLASS = YES_ERROR;
				CLANG_WARN_SUSPICIOUS_MOVE = YES;
				CLANG_WARN_UNREACHABLE_CODE = YES;
				CLANG_WARN__DUPLICATE_METHOD_MATCH = YES;
				"CODE_SIGN_IDENTITY[sdk=iphoneos*]" = "iPhone Developer";
				COPY_PHASE_STRIP = NO;
				DEBUG_INFORMATION_FORMAT = "dwarf-with-dsym";
				ENABLE_NS_ASSERTIONS = NO;
				ENABLE_STRICT_OBJC_MSGSEND = YES;
				GCC_C_LANGUAGE_STANDARD = gnu99;
				GCC_NO_COMMON_BLOCKS = YES;
				GCC_WARN_64_TO_32_BIT_CONVERSION = YES;
				GCC_WARN_ABOUT_RETURN_TYPE = YES_ERROR;
				GCC_WARN_UNDECLARED_SELECTOR = YES;
				GCC_WARN_UNINITIALIZED_AUTOS = YES_AGGRESSIVE;
				GCC_WARN_UNUSED_FUNCTION = YES;
				GCC_WARN_UNUSED_VARIABLE = YES;
				IPHONEOS_DEPLOYMENT_TARGET = 10.3;
				MTL_ENABLE_DEBUG_INFO = NO;
				SDKROOT = iphoneos;
				VALIDATE_PRODUCT = YES;
			};
			name = Release;
		};
		F143A6F31E9A4E27003B11D1 /* Debug */ = {
			isa = XCBuildConfiguration;
			buildSettings = {
				ASSETCATALOG_COMPILER_APPICON_NAME = AppIcon;
				DEVELOPMENT_TEAM = QL67B5CVGR;
				INFOPLIST_FILE = iSchool/Info.plist;
				LD_RUNPATH_SEARCH_PATHS = "$(inherited) @executable_path/Frameworks";
				PRODUCT_BUNDLE_IDENTIFIER = PI.iSchool;
				PRODUCT_NAME = "$(TARGET_NAME)";
			};
			name = Debug;
		};
		F143A6F41E9A4E27003B11D1 /* Release */ = {
			isa = XCBuildConfiguration;
			buildSettings = {
				ASSETCATALOG_COMPILER_APPICON_NAME = AppIcon;
				DEVELOPMENT_TEAM = QL67B5CVGR;
				INFOPLIST_FILE = iSchool/Info.plist;
				LD_RUNPATH_SEARCH_PATHS = "$(inherited) @executable_path/Frameworks";
				PRODUCT_BUNDLE_IDENTIFIER = PI.iSchool;
				PRODUCT_NAME = "$(TARGET_NAME)";
			};
			name = Release;
		};
/* End XCBuildConfiguration section */

/* Begin XCConfigurationList section */
		F143A6D31E9A4E27003B11D1 /* Build configuration list for PBXProject "iSchool" */ = {
			isa = XCConfigurationList;
			buildConfigurations = (
				F143A6F01E9A4E27003B11D1 /* Debug */,
				F143A6F11E9A4E27003B11D1 /* Release */,
			);
			defaultConfigurationIsVisible = 0;
			defaultConfigurationName = Release;
		};
		F143A6F21E9A4E27003B11D1 /* Build configuration list for PBXNativeTarget "iSchool" */ = {
			isa = XCConfigurationList;
			buildConfigurations = (
				F143A6F31E9A4E27003B11D1 /* Debug */,
				F143A6F41E9A4E27003B11D1 /* Release */,
			);
			defaultConfigurationIsVisible = 0;
		};
/* End XCConfigurationList section */

/* Begin XCVersionGroup section */
		F143A6E71E9A4E27003B11D1 /* iSchool.xcdatamodeld */ = {
			isa = XCVersionGroup;
			children = (
				F143A6E81E9A4E27003B11D1 /* iSchool.xcdatamodel */,
			);
			currentVersion = F143A6E81E9A4E27003B11D1 /* iSchool.xcdatamodel */;
			path = iSchool.xcdatamodeld;
			sourceTree = "<group>";
			versionGroupType = wrapper.xcdatamodel;
		};
/* End XCVersionGroup section */
	};
	rootObject = F143A6D01E9A4E27003B11D1 /* Project object */;
}
