// !$*UTF8*$!
{
	archiveVersion = 1;
	classes = {
	};
	objectVersion = 46;
	objects = {

/* Begin PBXBuildFile section */
		ED7A4E5226B4277A5C72BE1A /* Pods_iSchool.framework in Frameworks */ = {isa = PBXBuildFile; fileRef = 9FF58956B18DDF396405A49D /* Pods_iSchool.framework */; };
		F11ECD7B1E9B798300EC0126 /* SubjectInfoViewController.m in Sources */ = {isa = PBXBuildFile; fileRef = F11ECD7A1E9B798300EC0126 /* SubjectInfoViewController.m */; };
		F11ECD7E1E9B9D9400EC0126 /* UserService.m in Sources */ = {isa = PBXBuildFile; fileRef = F11ECD7D1E9B9D9400EC0126 /* UserService.m */; };
		F11ECD821E9B9E4600EC0126 /* UserModel.m in Sources */ = {isa = PBXBuildFile; fileRef = F11ECD811E9B9E4600EC0126 /* UserModel.m */; };
		F11ECD861E9BB4F800EC0126 /* UIColor+CustomColors.m in Sources */ = {isa = PBXBuildFile; fileRef = F11ECD851E9BB4F800EC0126 /* UIColor+CustomColors.m */; };
		F11ECD8A1E9BB8D000EC0126 /* ProfileViewController.m in Sources */ = {isa = PBXBuildFile; fileRef = F11ECD891E9BB8D000EC0126 /* ProfileViewController.m */; };
		F126BA901EA7F17B00A9392C /* CongratulationViewController.m in Sources */ = {isa = PBXBuildFile; fileRef = F126BA8F1EA7F17B00A9392C /* CongratulationViewController.m */; };
		F143A6DD1E9A4E27003B11D1 /* main.m in Sources */ = {isa = PBXBuildFile; fileRef = F143A6DC1E9A4E27003B11D1 /* main.m */; };
		F143A6E01E9A4E27003B11D1 /* AppDelegate.m in Sources */ = {isa = PBXBuildFile; fileRef = F143A6DF1E9A4E27003B11D1 /* AppDelegate.m */; };
		F143A6E61E9A4E27003B11D1 /* Main.storyboard in Resources */ = {isa = PBXBuildFile; fileRef = F143A6E41E9A4E27003B11D1 /* Main.storyboard */; };
		F143A6E91E9A4E27003B11D1 /* iSchool.xcdatamodeld in Sources */ = {isa = PBXBuildFile; fileRef = F143A6E71E9A4E27003B11D1 /* iSchool.xcdatamodeld */; };
		F143A6EB1E9A4E27003B11D1 /* Assets.xcassets in Resources */ = {isa = PBXBuildFile; fileRef = F143A6EA1E9A4E27003B11D1 /* Assets.xcassets */; };
		F143A6EE1E9A4E27003B11D1 /* LaunchScreen.storyboard in Resources */ = {isa = PBXBuildFile; fileRef = F143A6EC1E9A4E27003B11D1 /* LaunchScreen.storyboard */; };
		F143A6F81E9A4F77003B11D1 /* LoginViewController.m in Sources */ = {isa = PBXBuildFile; fileRef = F143A6F71E9A4F77003B11D1 /* LoginViewController.m */; };
		F143A6FB1E9A4FDE003B11D1 /* PupilPanelViewController.m in Sources */ = {isa = PBXBuildFile; fileRef = F143A6FA1E9A4FDE003B11D1 /* PupilPanelViewController.m */; };
		F143A6FE1E9A4FEE003B11D1 /* TeacherPanelViewController.m in Sources */ = {isa = PBXBuildFile; fileRef = F143A6FD1E9A4FEE003B11D1 /* TeacherPanelViewController.m */; };
		F143A7021E9A5AAB003B11D1 /* SectionCollectionViewCell.m in Sources */ = {isa = PBXBuildFile; fileRef = F143A7011E9A5AAB003B11D1 /* SectionCollectionViewCell.m */; };
		F143A7041E9A5B6B003B11D1 /* SectionCollectionViewCell.xib in Resources */ = {isa = PBXBuildFile; fileRef = F143A7031E9A5B6B003B11D1 /* SectionCollectionViewCell.xib */; };
		F143A70E1E9A667C003B11D1 /* Constants.m in Sources */ = {isa = PBXBuildFile; fileRef = F143A70D1E9A667C003B11D1 /* Constants.m */; };
		F143A7111E9A70D3003B11D1 /* JournalViewController.m in Sources */ = {isa = PBXBuildFile; fileRef = F143A7101E9A70D3003B11D1 /* JournalViewController.m */; };
		F143A7141E9A71E6003B11D1 /* SubjectTableViewCell.m in Sources */ = {isa = PBXBuildFile; fileRef = F143A7131E9A71E6003B11D1 /* SubjectTableViewCell.m */; };
		F143A7181E9A79F1003B11D1 /* SubjectJournalViewController.m in Sources */ = {isa = PBXBuildFile; fileRef = F143A7171E9A79F1003B11D1 /* SubjectJournalViewController.m */; };
		F143A71B1E9A81F9003B11D1 /* ScheduleViewController.m in Sources */ = {isa = PBXBuildFile; fileRef = F143A71A1E9A81F9003B11D1 /* ScheduleViewController.m */; };
		F143A7211E9A8FEB003B11D1 /* SubjectMaterialsViewController.m in Sources */ = {isa = PBXBuildFile; fileRef = F143A7201E9A8FEB003B11D1 /* SubjectMaterialsViewController.m */; };
		F143A7241E9A96AD003B11D1 /* SubjectMaterialTableViewCell.m in Sources */ = {isa = PBXBuildFile; fileRef = F143A7231E9A96AD003B11D1 /* SubjectMaterialTableViewCell.m */; };
		F143A7271E9A9B67003B11D1 /* NoticesViewController.m in Sources */ = {isa = PBXBuildFile; fileRef = F143A7261E9A9B67003B11D1 /* NoticesViewController.m */; };
		F143A72A1E9AA674003B11D1 /* NoticeDetailedViewController.m in Sources */ = {isa = PBXBuildFile; fileRef = F143A7291E9AA674003B11D1 /* NoticeDetailedViewController.m */; };
		F143A72C1E9AA996003B11D1 /* GoogleService-Info.plist in Resources */ = {isa = PBXBuildFile; fileRef = F143A72B1E9AA996003B11D1 /* GoogleService-Info.plist */; };
		F15032751E9AC11D00BEB7F8 /* NetworkManager.m in Sources */ = {isa = PBXBuildFile; fileRef = F15032741E9AC11D00BEB7F8 /* NetworkManager.m */; };
		F15032791E9AC25A00BEB7F8 /* SubjectsService.m in Sources */ = {isa = PBXBuildFile; fileRef = F15032781E9AC25A00BEB7F8 /* SubjectsService.m */; };
		F180125D1EA79A3E00E80930 /* RegistrationService.m in Sources */ = {isa = PBXBuildFile; fileRef = F180125C1EA79A3E00E80930 /* RegistrationService.m */; };
		F18012601EA7A2A800E80930 /* TeacherRegistrationViewController.m in Sources */ = {isa = PBXBuildFile; fileRef = F180125F1EA7A2A800E80930 /* TeacherRegistrationViewController.m */; };
		F181EA7B1EA3921100A95AC7 /* PupilClassViewController.m in Sources */ = {isa = PBXBuildFile; fileRef = F181EA7A1EA3921100A95AC7 /* PupilClassViewController.m */; };
		F181EA7E1EA3A5CC00A95AC7 /* ClassModel.m in Sources */ = {isa = PBXBuildFile; fileRef = F181EA7D1EA3A5CC00A95AC7 /* ClassModel.m */; };
		F181EA831EA3D04800A95AC7 /* ClassesListViewController.m in Sources */ = {isa = PBXBuildFile; fileRef = F181EA821EA3D04800A95AC7 /* ClassesListViewController.m */; };
		F181EA861EA3D75A00A95AC7 /* ClassSubjectsViewController.m in Sources */ = {isa = PBXBuildFile; fileRef = F181EA851EA3D75A00A95AC7 /* ClassSubjectsViewController.m */; };
		F181EA891EA3E05800A95AC7 /* ClassPupilsViewController.m in Sources */ = {isa = PBXBuildFile; fileRef = F181EA881EA3E05800A95AC7 /* ClassPupilsViewController.m */; };
		F181EA8C1EA3EB9D00A95AC7 /* PupilMarksViewController.m in Sources */ = {isa = PBXBuildFile; fileRef = F181EA8B1EA3EB9D00A95AC7 /* PupilMarksViewController.m */; };
		F1DF6E671E9E69ED00973B34 /* NoteModel.m in Sources */ = {isa = PBXBuildFile; fileRef = F1DF6E661E9E69ED00973B34 /* NoteModel.m */; };
		F1DF6E6A1EA01A7400973B34 /* RegistrationViewController.m in Sources */ = {isa = PBXBuildFile; fileRef = F1DF6E691EA01A7400973B34 /* RegistrationViewController.m */; };
		F1DF6E6D1EA01E8B00973B34 /* RegistrationDetailsViewController.m in Sources */ = {isa = PBXBuildFile; fileRef = F1DF6E6C1EA01E8B00973B34 /* RegistrationDetailsViewController.m */; };
		F1EAB6641E9E21DB001EE746 /* DDIndicator.m in Sources */ = {isa = PBXBuildFile; fileRef = F1EAB6631E9E21DB001EE746 /* DDIndicator.m */; };
		F1FBF1DC1E9C02C600B9D49D /* MarkTableViewCell.m in Sources */ = {isa = PBXBuildFile; fileRef = F1FBF1DB1E9C02C600B9D49D /* MarkTableViewCell.m */; };
		F1FBF1DF1E9C154500B9D49D /* ClassService.m in Sources */ = {isa = PBXBuildFile; fileRef = F1FBF1DE1E9C154500B9D49D /* ClassService.m */; };
		F1FBF1E21E9C1F7C00B9D49D /* MarkModel.m in Sources */ = {isa = PBXBuildFile; fileRef = F1FBF1E11E9C1F7C00B9D49D /* MarkModel.m */; };
		F1FBF1E51E9CDF6300B9D49D /* ScheduleService.m in Sources */ = {isa = PBXBuildFile; fileRef = F1FBF1E41E9CDF6300B9D49D /* ScheduleService.m */; };
		F1FBF1E81E9CFA3400B9D49D /* ScheduleDayModel.m in Sources */ = {isa = PBXBuildFile; fileRef = F1FBF1E71E9CFA3400B9D49D /* ScheduleDayModel.m */; };
		F1FBF1EB1E9D154000B9D49D /* MaterialModel.m in Sources */ = {isa = PBXBuildFile; fileRef = F1FBF1EA1E9D154000B9D49D /* MaterialModel.m */; };
		F1FBF1EE1E9D161400B9D49D /* MaterialsService.m in Sources */ = {isa = PBXBuildFile; fileRef = F1FBF1ED1E9D161400B9D49D /* MaterialsService.m */; };
		F3B879AE1E9FD66600DFD0E0 /* TeacherModel.m in Sources */ = {isa = PBXBuildFile; fileRef = F3B879AD1E9FD66600DFD0E0 /* TeacherModel.m */; };
		F3E9B0791EA8FD5000643953 /* Note+CoreDataClass.m in Sources */ = {isa = PBXBuildFile; fileRef = F3E9B0761EA8FD5000643953 /* Note+CoreDataClass.m */; };
		F3E9B07A1EA8FD5000643953 /* Note+CoreDataProperties.m in Sources */ = {isa = PBXBuildFile; fileRef = F3E9B0781EA8FD5000643953 /* Note+CoreDataProperties.m */; };
/* End PBXBuildFile section */

/* Begin PBXFileReference section */
		6396329339242E404DBBDE89 /* Pods-iSchool.debug.xcconfig */ = {isa = PBXFileReference; includeInIndex = 1; lastKnownFileType = text.xcconfig; name = "Pods-iSchool.debug.xcconfig"; path = "Pods/Target Support Files/Pods-iSchool/Pods-iSchool.debug.xcconfig"; sourceTree = "<group>"; };
		6ED6ECCE59737AB82A5D5080 /* Pods-iSchool.release.xcconfig */ = {isa = PBXFileReference; includeInIndex = 1; lastKnownFileType = text.xcconfig; name = "Pods-iSchool.release.xcconfig"; path = "Pods/Target Support Files/Pods-iSchool/Pods-iSchool.release.xcconfig"; sourceTree = "<group>"; };
		9FF58956B18DDF396405A49D /* Pods_iSchool.framework */ = {isa = PBXFileReference; explicitFileType = wrapper.framework; includeInIndex = 0; path = Pods_iSchool.framework; sourceTree = BUILT_PRODUCTS_DIR; };
		F11ECD791E9B798300EC0126 /* SubjectInfoViewController.h */ = {isa = PBXFileReference; fileEncoding = 4; lastKnownFileType = sourcecode.c.h; name = SubjectInfoViewController.h; path = ViewControllers/SubjectInfoViewController.h; sourceTree = "<group>"; };
		F11ECD7A1E9B798300EC0126 /* SubjectInfoViewController.m */ = {isa = PBXFileReference; fileEncoding = 4; lastKnownFileType = sourcecode.c.objc; name = SubjectInfoViewController.m; path = ViewControllers/SubjectInfoViewController.m; sourceTree = "<group>"; };
		F11ECD7C1E9B9D9400EC0126 /* UserService.h */ = {isa = PBXFileReference; fileEncoding = 4; lastKnownFileType = sourcecode.c.h; name = UserService.h; path = Networking/Services/UserService.h; sourceTree = "<group>"; };
		F11ECD7D1E9B9D9400EC0126 /* UserService.m */ = {isa = PBXFileReference; fileEncoding = 4; lastKnownFileType = sourcecode.c.objc; name = UserService.m; path = Networking/Services/UserService.m; sourceTree = "<group>"; };
		F11ECD801E9B9E4600EC0126 /* UserModel.h */ = {isa = PBXFileReference; fileEncoding = 4; lastKnownFileType = sourcecode.c.h; name = UserModel.h; path = Models/UserModel.h; sourceTree = "<group>"; };
		F11ECD811E9B9E4600EC0126 /* UserModel.m */ = {isa = PBXFileReference; fileEncoding = 4; lastKnownFileType = sourcecode.c.objc; name = UserModel.m; path = Models/UserModel.m; sourceTree = "<group>"; };
		F11ECD841E9BB4F800EC0126 /* UIColor+CustomColors.h */ = {isa = PBXFileReference; fileEncoding = 4; lastKnownFileType = sourcecode.c.h; name = "UIColor+CustomColors.h"; path = "Categories/UIColor+CustomColors.h"; sourceTree = "<group>"; };
		F11ECD851E9BB4F800EC0126 /* UIColor+CustomColors.m */ = {isa = PBXFileReference; fileEncoding = 4; lastKnownFileType = sourcecode.c.objc; name = "UIColor+CustomColors.m"; path = "Categories/UIColor+CustomColors.m"; sourceTree = "<group>"; };
		F11ECD881E9BB8D000EC0126 /* ProfileViewController.h */ = {isa = PBXFileReference; fileEncoding = 4; lastKnownFileType = sourcecode.c.h; name = ProfileViewController.h; path = ViewControllers/ProfileViewController.h; sourceTree = "<group>"; };
		F11ECD891E9BB8D000EC0126 /* ProfileViewController.m */ = {isa = PBXFileReference; fileEncoding = 4; lastKnownFileType = sourcecode.c.objc; name = ProfileViewController.m; path = ViewControllers/ProfileViewController.m; sourceTree = "<group>"; };
		F126BA8E1EA7F17B00A9392C /* CongratulationViewController.h */ = {isa = PBXFileReference; fileEncoding = 4; lastKnownFileType = sourcecode.c.h; name = CongratulationViewController.h; path = ViewControllers/CongratulationViewController.h; sourceTree = "<group>"; };
		F126BA8F1EA7F17B00A9392C /* CongratulationViewController.m */ = {isa = PBXFileReference; fileEncoding = 4; lastKnownFileType = sourcecode.c.objc; name = CongratulationViewController.m; path = ViewControllers/CongratulationViewController.m; sourceTree = "<group>"; };
		F143A6D81E9A4E27003B11D1 /* iSchool.app */ = {isa = PBXFileReference; explicitFileType = wrapper.application; includeInIndex = 0; path = iSchool.app; sourceTree = BUILT_PRODUCTS_DIR; };
		F143A6DC1E9A4E27003B11D1 /* main.m */ = {isa = PBXFileReference; lastKnownFileType = sourcecode.c.objc; path = main.m; sourceTree = "<group>"; };
		F143A6DE1E9A4E27003B11D1 /* AppDelegate.h */ = {isa = PBXFileReference; lastKnownFileType = sourcecode.c.h; path = AppDelegate.h; sourceTree = "<group>"; };
		F143A6DF1E9A4E27003B11D1 /* AppDelegate.m */ = {isa = PBXFileReference; lastKnownFileType = sourcecode.c.objc; path = AppDelegate.m; sourceTree = "<group>"; };
		F143A6E51E9A4E27003B11D1 /* Base */ = {isa = PBXFileReference; lastKnownFileType = file.storyboard; name = Base; path = Base.lproj/Main.storyboard; sourceTree = "<group>"; };
		F143A6E81E9A4E27003B11D1 /* iSchool.xcdatamodel */ = {isa = PBXFileReference; lastKnownFileType = wrapper.xcdatamodel; path = iSchool.xcdatamodel; sourceTree = "<group>"; };
		F143A6EA1E9A4E27003B11D1 /* Assets.xcassets */ = {isa = PBXFileReference; lastKnownFileType = folder.assetcatalog; path = Assets.xcassets; sourceTree = "<group>"; };
		F143A6ED1E9A4E27003B11D1 /* Base */ = {isa = PBXFileReference; lastKnownFileType = file.storyboard; name = Base; path = Base.lproj/LaunchScreen.storyboard; sourceTree = "<group>"; };
		F143A6EF1E9A4E27003B11D1 /* Info.plist */ = {isa = PBXFileReference; lastKnownFileType = text.plist.xml; path = Info.plist; sourceTree = "<group>"; };
		F143A6F61E9A4F77003B11D1 /* LoginViewController.h */ = {isa = PBXFileReference; fileEncoding = 4; lastKnownFileType = sourcecode.c.h; name = LoginViewController.h; path = ViewControllers/LoginViewController.h; sourceTree = "<group>"; };
		F143A6F71E9A4F77003B11D1 /* LoginViewController.m */ = {isa = PBXFileReference; fileEncoding = 4; lastKnownFileType = sourcecode.c.objc; name = LoginViewController.m; path = ViewControllers/LoginViewController.m; sourceTree = "<group>"; };
		F143A6F91E9A4FDE003B11D1 /* PupilPanelViewController.h */ = {isa = PBXFileReference; fileEncoding = 4; lastKnownFileType = sourcecode.c.h; name = PupilPanelViewController.h; path = ViewControllers/PupilPanelViewController.h; sourceTree = "<group>"; };
		F143A6FA1E9A4FDE003B11D1 /* PupilPanelViewController.m */ = {isa = PBXFileReference; fileEncoding = 4; lastKnownFileType = sourcecode.c.objc; name = PupilPanelViewController.m; path = ViewControllers/PupilPanelViewController.m; sourceTree = "<group>"; };
		F143A6FC1E9A4FEE003B11D1 /* TeacherPanelViewController.h */ = {isa = PBXFileReference; fileEncoding = 4; lastKnownFileType = sourcecode.c.h; name = TeacherPanelViewController.h; path = ViewControllers/TeacherPanelViewController.h; sourceTree = "<group>"; };
		F143A6FD1E9A4FEE003B11D1 /* TeacherPanelViewController.m */ = {isa = PBXFileReference; fileEncoding = 4; lastKnownFileType = sourcecode.c.objc; name = TeacherPanelViewController.m; path = ViewControllers/TeacherPanelViewController.m; sourceTree = "<group>"; };
		F143A7001E9A5AAB003B11D1 /* SectionCollectionViewCell.h */ = {isa = PBXFileReference; fileEncoding = 4; lastKnownFileType = sourcecode.c.h; name = SectionCollectionViewCell.h; path = ViewControllers/Cells/SectionCollectionViewCell.h; sourceTree = "<group>"; };
		F143A7011E9A5AAB003B11D1 /* SectionCollectionViewCell.m */ = {isa = PBXFileReference; fileEncoding = 4; lastKnownFileType = sourcecode.c.objc; name = SectionCollectionViewCell.m; path = ViewControllers/Cells/SectionCollectionViewCell.m; sourceTree = "<group>"; };
		F143A7031E9A5B6B003B11D1 /* SectionCollectionViewCell.xib */ = {isa = PBXFileReference; fileEncoding = 4; lastKnownFileType = file.xib; name = SectionCollectionViewCell.xib; path = ViewControllers/Cells/SectionCollectionViewCell.xib; sourceTree = "<group>"; };
		F143A70C1E9A667C003B11D1 /* Constants.h */ = {isa = PBXFileReference; fileEncoding = 4; lastKnownFileType = sourcecode.c.h; path = Constants.h; sourceTree = "<group>"; };
		F143A70D1E9A667C003B11D1 /* Constants.m */ = {isa = PBXFileReference; fileEncoding = 4; lastKnownFileType = sourcecode.c.objc; path = Constants.m; sourceTree = "<group>"; };
		F143A70F1E9A70D3003B11D1 /* JournalViewController.h */ = {isa = PBXFileReference; fileEncoding = 4; lastKnownFileType = sourcecode.c.h; name = JournalViewController.h; path = ViewControllers/JournalViewController.h; sourceTree = "<group>"; };
		F143A7101E9A70D3003B11D1 /* JournalViewController.m */ = {isa = PBXFileReference; fileEncoding = 4; lastKnownFileType = sourcecode.c.objc; name = JournalViewController.m; path = ViewControllers/JournalViewController.m; sourceTree = "<group>"; };
		F143A7121E9A71E6003B11D1 /* SubjectTableViewCell.h */ = {isa = PBXFileReference; fileEncoding = 4; lastKnownFileType = sourcecode.c.h; name = SubjectTableViewCell.h; path = ViewControllers/Cells/SubjectTableViewCell.h; sourceTree = "<group>"; };
		F143A7131E9A71E6003B11D1 /* SubjectTableViewCell.m */ = {isa = PBXFileReference; fileEncoding = 4; lastKnownFileType = sourcecode.c.objc; name = SubjectTableViewCell.m; path = ViewControllers/Cells/SubjectTableViewCell.m; sourceTree = "<group>"; };
		F143A7161E9A79F1003B11D1 /* SubjectJournalViewController.h */ = {isa = PBXFileReference; fileEncoding = 4; lastKnownFileType = sourcecode.c.h; name = SubjectJournalViewController.h; path = ViewControllers/SubjectJournalViewController.h; sourceTree = "<group>"; };
		F143A7171E9A79F1003B11D1 /* SubjectJournalViewController.m */ = {isa = PBXFileReference; fileEncoding = 4; lastKnownFileType = sourcecode.c.objc; name = SubjectJournalViewController.m; path = ViewControllers/SubjectJournalViewController.m; sourceTree = "<group>"; };
		F143A7191E9A81F9003B11D1 /* ScheduleViewController.h */ = {isa = PBXFileReference; fileEncoding = 4; lastKnownFileType = sourcecode.c.h; name = ScheduleViewController.h; path = ViewControllers/ScheduleViewController.h; sourceTree = "<group>"; };
		F143A71A1E9A81F9003B11D1 /* ScheduleViewController.m */ = {isa = PBXFileReference; fileEncoding = 4; lastKnownFileType = sourcecode.c.objc; name = ScheduleViewController.m; path = ViewControllers/ScheduleViewController.m; sourceTree = "<group>"; };
		F143A71F1E9A8FEB003B11D1 /* SubjectMaterialsViewController.h */ = {isa = PBXFileReference; fileEncoding = 4; lastKnownFileType = sourcecode.c.h; name = SubjectMaterialsViewController.h; path = ViewControllers/SubjectMaterialsViewController.h; sourceTree = "<group>"; };
		F143A7201E9A8FEB003B11D1 /* SubjectMaterialsViewController.m */ = {isa = PBXFileReference; fileEncoding = 4; lastKnownFileType = sourcecode.c.objc; name = SubjectMaterialsViewController.m; path = ViewControllers/SubjectMaterialsViewController.m; sourceTree = "<group>"; };
		F143A7221E9A96AD003B11D1 /* SubjectMaterialTableViewCell.h */ = {isa = PBXFileReference; fileEncoding = 4; lastKnownFileType = sourcecode.c.h; name = SubjectMaterialTableViewCell.h; path = ViewControllers/Cells/SubjectMaterialTableViewCell.h; sourceTree = "<group>"; };
		F143A7231E9A96AD003B11D1 /* SubjectMaterialTableViewCell.m */ = {isa = PBXFileReference; fileEncoding = 4; lastKnownFileType = sourcecode.c.objc; name = SubjectMaterialTableViewCell.m; path = ViewControllers/Cells/SubjectMaterialTableViewCell.m; sourceTree = "<group>"; };
		F143A7251E9A9B67003B11D1 /* NoticesViewController.h */ = {isa = PBXFileReference; fileEncoding = 4; lastKnownFileType = sourcecode.c.h; name = NoticesViewController.h; path = ViewControllers/NoticesViewController.h; sourceTree = "<group>"; };
		F143A7261E9A9B67003B11D1 /* NoticesViewController.m */ = {isa = PBXFileReference; fileEncoding = 4; lastKnownFileType = sourcecode.c.objc; name = NoticesViewController.m; path = ViewControllers/NoticesViewController.m; sourceTree = "<group>"; };
		F143A7281E9AA674003B11D1 /* NoticeDetailedViewController.h */ = {isa = PBXFileReference; fileEncoding = 4; lastKnownFileType = sourcecode.c.h; name = NoticeDetailedViewController.h; path = ViewControllers/NoticeDetailedViewController.h; sourceTree = "<group>"; };
		F143A7291E9AA674003B11D1 /* NoticeDetailedViewController.m */ = {isa = PBXFileReference; fileEncoding = 4; lastKnownFileType = sourcecode.c.objc; name = NoticeDetailedViewController.m; path = ViewControllers/NoticeDetailedViewController.m; sourceTree = "<group>"; };
		F143A72B1E9AA996003B11D1 /* GoogleService-Info.plist */ = {isa = PBXFileReference; fileEncoding = 4; lastKnownFileType = text.plist.xml; path = "GoogleService-Info.plist"; sourceTree = "<group>"; };
		F15032731E9AC11D00BEB7F8 /* NetworkManager.h */ = {isa = PBXFileReference; fileEncoding = 4; lastKnownFileType = sourcecode.c.h; name = NetworkManager.h; path = Networking/NetworkManager.h; sourceTree = "<group>"; };
		F15032741E9AC11D00BEB7F8 /* NetworkManager.m */ = {isa = PBXFileReference; fileEncoding = 4; lastKnownFileType = sourcecode.c.objc; name = NetworkManager.m; path = Networking/NetworkManager.m; sourceTree = "<group>"; };
		F15032771E9AC25A00BEB7F8 /* SubjectsService.h */ = {isa = PBXFileReference; fileEncoding = 4; lastKnownFileType = sourcecode.c.h; name = SubjectsService.h; path = Networking/Services/SubjectsService.h; sourceTree = "<group>"; };
		F15032781E9AC25A00BEB7F8 /* SubjectsService.m */ = {isa = PBXFileReference; fileEncoding = 4; lastKnownFileType = sourcecode.c.objc; name = SubjectsService.m; path = Networking/Services/SubjectsService.m; sourceTree = "<group>"; };
		F180125B1EA79A3E00E80930 /* RegistrationService.h */ = {isa = PBXFileReference; fileEncoding = 4; lastKnownFileType = sourcecode.c.h; name = RegistrationService.h; path = Networking/Services/RegistrationService.h; sourceTree = "<group>"; };
		F180125C1EA79A3E00E80930 /* RegistrationService.m */ = {isa = PBXFileReference; fileEncoding = 4; lastKnownFileType = sourcecode.c.objc; name = RegistrationService.m; path = Networking/Services/RegistrationService.m; sourceTree = "<group>"; };
		F180125E1EA7A2A800E80930 /* TeacherRegistrationViewController.h */ = {isa = PBXFileReference; fileEncoding = 4; lastKnownFileType = sourcecode.c.h; name = TeacherRegistrationViewController.h; path = ViewControllers/TeacherRegistrationViewController.h; sourceTree = "<group>"; };
		F180125F1EA7A2A800E80930 /* TeacherRegistrationViewController.m */ = {isa = PBXFileReference; fileEncoding = 4; lastKnownFileType = sourcecode.c.objc; name = TeacherRegistrationViewController.m; path = ViewControllers/TeacherRegistrationViewController.m; sourceTree = "<group>"; };
		F181EA791EA3921100A95AC7 /* PupilClassViewController.h */ = {isa = PBXFileReference; fileEncoding = 4; lastKnownFileType = sourcecode.c.h; name = PupilClassViewController.h; path = ViewControllers/PupilClassViewController.h; sourceTree = "<group>"; };
		F181EA7A1EA3921100A95AC7 /* PupilClassViewController.m */ = {isa = PBXFileReference; fileEncoding = 4; lastKnownFileType = sourcecode.c.objc; name = PupilClassViewController.m; path = ViewControllers/PupilClassViewController.m; sourceTree = "<group>"; };
		F181EA7C1EA3A5CC00A95AC7 /* ClassModel.h */ = {isa = PBXFileReference; fileEncoding = 4; lastKnownFileType = sourcecode.c.h; name = ClassModel.h; path = Models/ClassModel.h; sourceTree = "<group>"; };
		F181EA7D1EA3A5CC00A95AC7 /* ClassModel.m */ = {isa = PBXFileReference; fileEncoding = 4; lastKnownFileType = sourcecode.c.objc; name = ClassModel.m; path = Models/ClassModel.m; sourceTree = "<group>"; };
		F181EA811EA3D04800A95AC7 /* ClassesListViewController.h */ = {isa = PBXFileReference; fileEncoding = 4; lastKnownFileType = sourcecode.c.h; name = ClassesListViewController.h; path = ViewControllers/ClassesListViewController.h; sourceTree = "<group>"; };
		F181EA821EA3D04800A95AC7 /* ClassesListViewController.m */ = {isa = PBXFileReference; fileEncoding = 4; lastKnownFileType = sourcecode.c.objc; name = ClassesListViewController.m; path = ViewControllers/ClassesListViewController.m; sourceTree = "<group>"; };
		F181EA841EA3D75A00A95AC7 /* ClassSubjectsViewController.h */ = {isa = PBXFileReference; fileEncoding = 4; lastKnownFileType = sourcecode.c.h; name = ClassSubjectsViewController.h; path = ViewControllers/ClassSubjectsViewController.h; sourceTree = "<group>"; };
		F181EA851EA3D75A00A95AC7 /* ClassSubjectsViewController.m */ = {isa = PBXFileReference; fileEncoding = 4; lastKnownFileType = sourcecode.c.objc; name = ClassSubjectsViewController.m; path = ViewControllers/ClassSubjectsViewController.m; sourceTree = "<group>"; };
		F181EA871EA3E05800A95AC7 /* ClassPupilsViewController.h */ = {isa = PBXFileReference; fileEncoding = 4; lastKnownFileType = sourcecode.c.h; name = ClassPupilsViewController.h; path = ViewControllers/ClassPupilsViewController.h; sourceTree = "<group>"; };
		F181EA881EA3E05800A95AC7 /* ClassPupilsViewController.m */ = {isa = PBXFileReference; fileEncoding = 4; lastKnownFileType = sourcecode.c.objc; name = ClassPupilsViewController.m; path = ViewControllers/ClassPupilsViewController.m; sourceTree = "<group>"; };
		F181EA8A1EA3EB9D00A95AC7 /* PupilMarksViewController.h */ = {isa = PBXFileReference; fileEncoding = 4; lastKnownFileType = sourcecode.c.h; name = PupilMarksViewController.h; path = ViewControllers/PupilMarksViewController.h; sourceTree = "<group>"; };
		F181EA8B1EA3EB9D00A95AC7 /* PupilMarksViewController.m */ = {isa = PBXFileReference; fileEncoding = 4; lastKnownFileType = sourcecode.c.objc; name = PupilMarksViewController.m; path = ViewControllers/PupilMarksViewController.m; sourceTree = "<group>"; };
		F1DF6E651E9E69ED00973B34 /* NoteModel.h */ = {isa = PBXFileReference; fileEncoding = 4; lastKnownFileType = sourcecode.c.h; name = NoteModel.h; path = Models/NoteModel.h; sourceTree = "<group>"; };
		F1DF6E661E9E69ED00973B34 /* NoteModel.m */ = {isa = PBXFileReference; fileEncoding = 4; lastKnownFileType = sourcecode.c.objc; name = NoteModel.m; path = Models/NoteModel.m; sourceTree = "<group>"; };
		F1DF6E681EA01A7400973B34 /* RegistrationViewController.h */ = {isa = PBXFileReference; fileEncoding = 4; lastKnownFileType = sourcecode.c.h; name = RegistrationViewController.h; path = ViewControllers/RegistrationViewController.h; sourceTree = "<group>"; };
		F1DF6E691EA01A7400973B34 /* RegistrationViewController.m */ = {isa = PBXFileReference; fileEncoding = 4; lastKnownFileType = sourcecode.c.objc; name = RegistrationViewController.m; path = ViewControllers/RegistrationViewController.m; sourceTree = "<group>"; };
		F1DF6E6B1EA01E8B00973B34 /* RegistrationDetailsViewController.h */ = {isa = PBXFileReference; fileEncoding = 4; lastKnownFileType = sourcecode.c.h; name = RegistrationDetailsViewController.h; path = ViewControllers/RegistrationDetailsViewController.h; sourceTree = "<group>"; };
		F1DF6E6C1EA01E8B00973B34 /* RegistrationDetailsViewController.m */ = {isa = PBXFileReference; fileEncoding = 4; lastKnownFileType = sourcecode.c.objc; name = RegistrationDetailsViewController.m; path = ViewControllers/RegistrationDetailsViewController.m; sourceTree = "<group>"; };
		F1EAB6621E9E21DB001EE746 /* DDIndicator.h */ = {isa = PBXFileReference; fileEncoding = 4; lastKnownFileType = sourcecode.c.h; path = DDIndicator.h; sourceTree = "<group>"; };
		F1EAB6631E9E21DB001EE746 /* DDIndicator.m */ = {isa = PBXFileReference; fileEncoding = 4; lastKnownFileType = sourcecode.c.objc; path = DDIndicator.m; sourceTree = "<group>"; };
		F1FBF1DA1E9C02C600B9D49D /* MarkTableViewCell.h */ = {isa = PBXFileReference; fileEncoding = 4; lastKnownFileType = sourcecode.c.h; name = MarkTableViewCell.h; path = ViewControllers/Cells/MarkTableViewCell.h; sourceTree = "<group>"; };
		F1FBF1DB1E9C02C600B9D49D /* MarkTableViewCell.m */ = {isa = PBXFileReference; fileEncoding = 4; lastKnownFileType = sourcecode.c.objc; name = MarkTableViewCell.m; path = ViewControllers/Cells/MarkTableViewCell.m; sourceTree = "<group>"; };
		F1FBF1DD1E9C154500B9D49D /* ClassService.h */ = {isa = PBXFileReference; fileEncoding = 4; lastKnownFileType = sourcecode.c.h; name = ClassService.h; path = Networking/Services/ClassService.h; sourceTree = "<group>"; };
		F1FBF1DE1E9C154500B9D49D /* ClassService.m */ = {isa = PBXFileReference; fileEncoding = 4; lastKnownFileType = sourcecode.c.objc; name = ClassService.m; path = Networking/Services/ClassService.m; sourceTree = "<group>"; };
		F1FBF1E01E9C1F7C00B9D49D /* MarkModel.h */ = {isa = PBXFileReference; fileEncoding = 4; lastKnownFileType = sourcecode.c.h; name = MarkModel.h; path = Models/MarkModel.h; sourceTree = "<group>"; };
		F1FBF1E11E9C1F7C00B9D49D /* MarkModel.m */ = {isa = PBXFileReference; fileEncoding = 4; lastKnownFileType = sourcecode.c.objc; name = MarkModel.m; path = Models/MarkModel.m; sourceTree = "<group>"; };
		F1FBF1E31E9CDF6300B9D49D /* ScheduleService.h */ = {isa = PBXFileReference; fileEncoding = 4; lastKnownFileType = sourcecode.c.h; name = ScheduleService.h; path = Networking/Services/ScheduleService.h; sourceTree = "<group>"; };
		F1FBF1E41E9CDF6300B9D49D /* ScheduleService.m */ = {isa = PBXFileReference; fileEncoding = 4; lastKnownFileType = sourcecode.c.objc; name = ScheduleService.m; path = Networking/Services/ScheduleService.m; sourceTree = "<group>"; };
		F1FBF1E61E9CFA3400B9D49D /* ScheduleDayModel.h */ = {isa = PBXFileReference; fileEncoding = 4; lastKnownFileType = sourcecode.c.h; name = ScheduleDayModel.h; path = Models/ScheduleDayModel.h; sourceTree = "<group>"; };
		F1FBF1E71E9CFA3400B9D49D /* ScheduleDayModel.m */ = {isa = PBXFileReference; fileEncoding = 4; lastKnownFileType = sourcecode.c.objc; name = ScheduleDayModel.m; path = Models/ScheduleDayModel.m; sourceTree = "<group>"; };
		F1FBF1E91E9D154000B9D49D /* MaterialModel.h */ = {isa = PBXFileReference; fileEncoding = 4; lastKnownFileType = sourcecode.c.h; name = MaterialModel.h; path = Models/MaterialModel.h; sourceTree = "<group>"; };
		F1FBF1EA1E9D154000B9D49D /* MaterialModel.m */ = {isa = PBXFileReference; fileEncoding = 4; lastKnownFileType = sourcecode.c.objc; name = MaterialModel.m; path = Models/MaterialModel.m; sourceTree = "<group>"; };
		F1FBF1EC1E9D161400B9D49D /* MaterialsService.h */ = {isa = PBXFileReference; fileEncoding = 4; lastKnownFileType = sourcecode.c.h; name = MaterialsService.h; path = Networking/Services/MaterialsService.h; sourceTree = "<group>"; };
		F1FBF1ED1E9D161400B9D49D /* MaterialsService.m */ = {isa = PBXFileReference; fileEncoding = 4; lastKnownFileType = sourcecode.c.objc; name = MaterialsService.m; path = Networking/Services/MaterialsService.m; sourceTree = "<group>"; };
		F3B48FCC1E9F7D0A003A1731 /* iSchool-Prefix.pch */ = {isa = PBXFileReference; fileEncoding = 4; lastKnownFileType = sourcecode.c.h; path = "iSchool-Prefix.pch"; sourceTree = "<group>"; };
		F3B879AC1E9FD66600DFD0E0 /* TeacherModel.h */ = {isa = PBXFileReference; fileEncoding = 4; lastKnownFileType = sourcecode.c.h; name = TeacherModel.h; path = Models/TeacherModel.h; sourceTree = "<group>"; };
		F3B879AD1E9FD66600DFD0E0 /* TeacherModel.m */ = {isa = PBXFileReference; fileEncoding = 4; lastKnownFileType = sourcecode.c.objc; name = TeacherModel.m; path = Models/TeacherModel.m; sourceTree = "<group>"; };
		F3E9B0751EA8FD5000643953 /* Note+CoreDataClass.h */ = {isa = PBXFileReference; fileEncoding = 4; lastKnownFileType = sourcecode.c.h; name = "Note+CoreDataClass.h"; path = "Entities/Note+CoreDataClass.h"; sourceTree = "<group>"; };
		F3E9B0761EA8FD5000643953 /* Note+CoreDataClass.m */ = {isa = PBXFileReference; fileEncoding = 4; lastKnownFileType = sourcecode.c.objc; name = "Note+CoreDataClass.m"; path = "Entities/Note+CoreDataClass.m"; sourceTree = "<group>"; };
		F3E9B0771EA8FD5000643953 /* Note+CoreDataProperties.h */ = {isa = PBXFileReference; fileEncoding = 4; lastKnownFileType = sourcecode.c.h; name = "Note+CoreDataProperties.h"; path = "Entities/Note+CoreDataProperties.h"; sourceTree = "<group>"; };
		F3E9B0781EA8FD5000643953 /* Note+CoreDataProperties.m */ = {isa = PBXFileReference; fileEncoding = 4; lastKnownFileType = sourcecode.c.objc; name = "Note+CoreDataProperties.m"; path = "Entities/Note+CoreDataProperties.m"; sourceTree = "<group>"; };
/* End PBXFileReference section */

/* Begin PBXFrameworksBuildPhase section */
		F143A6D51E9A4E27003B11D1 /* Frameworks */ = {
			isa = PBXFrameworksBuildPhase;
			buildActionMask = 2147483647;
			files = (
				ED7A4E5226B4277A5C72BE1A /* Pods_iSchool.framework in Frameworks */,
			);
			runOnlyForDeploymentPostprocessing = 0;
		};
/* End PBXFrameworksBuildPhase section */

/* Begin PBXGroup section */
		2594CFDDDF8B015B9FD89302 /* Frameworks */ = {
			isa = PBXGroup;
			children = (
				9FF58956B18DDF396405A49D /* Pods_iSchool.framework */,
			);
			name = Frameworks;
			sourceTree = "<group>";
		};
		981E5C5AEF7C0BDE057368F9 /* Pods */ = {
			isa = PBXGroup;
			children = (
				6396329339242E404DBBDE89 /* Pods-iSchool.debug.xcconfig */,
				6ED6ECCE59737AB82A5D5080 /* Pods-iSchool.release.xcconfig */,
			);
			name = Pods;
			sourceTree = "<group>";
		};
		F11ECD7F1E9B9E3400EC0126 /* Models */ = {
			isa = PBXGroup;
			children = (
				F181EA7C1EA3A5CC00A95AC7 /* ClassModel.h */,
				F181EA7D1EA3A5CC00A95AC7 /* ClassModel.m */,
				F1FBF1E01E9C1F7C00B9D49D /* MarkModel.h */,
				F1FBF1E11E9C1F7C00B9D49D /* MarkModel.m */,
				F1FBF1E91E9D154000B9D49D /* MaterialModel.h */,
				F1FBF1EA1E9D154000B9D49D /* MaterialModel.m */,
				F1DF6E651E9E69ED00973B34 /* NoteModel.h */,
				F1DF6E661E9E69ED00973B34 /* NoteModel.m */,
				F1FBF1E61E9CFA3400B9D49D /* ScheduleDayModel.h */,
				F1FBF1E71E9CFA3400B9D49D /* ScheduleDayModel.m */,
				F3B879AC1E9FD66600DFD0E0 /* TeacherModel.h */,
				F3B879AD1E9FD66600DFD0E0 /* TeacherModel.m */,
				F11ECD801E9B9E4600EC0126 /* UserModel.h */,
				F11ECD811E9B9E4600EC0126 /* UserModel.m */,
			);
			name = Models;
			sourceTree = "<group>";
		};
		F11ECD831E9BB4D000EC0126 /* Categories */ = {
			isa = PBXGroup;
			children = (
				F11ECD841E9BB4F800EC0126 /* UIColor+CustomColors.h */,
				F11ECD851E9BB4F800EC0126 /* UIColor+CustomColors.m */,
			);
			name = Categories;
			sourceTree = "<group>";
		};
		F143A6CF1E9A4E27003B11D1 = {
			isa = PBXGroup;
			children = (
				F143A6DA1E9A4E27003B11D1 /* iSchool */,
				F143A6D91E9A4E27003B11D1 /* Products */,
				981E5C5AEF7C0BDE057368F9 /* Pods */,
				2594CFDDDF8B015B9FD89302 /* Frameworks */,
			);
			sourceTree = "<group>";
		};
		F143A6D91E9A4E27003B11D1 /* Products */ = {
			isa = PBXGroup;
			children = (
				F143A6D81E9A4E27003B11D1 /* iSchool.app */,
			);
			name = Products;
			sourceTree = "<group>";
		};
		F143A6DA1E9A4E27003B11D1 /* iSchool */ = {
			isa = PBXGroup;
			children = (
				F3E9B07B1EAA36F400643953 /* CoreDataProvider */,
				F11ECD831E9BB4D000EC0126 /* Categories */,
				F3E9B0741EA8FD3000643953 /* Entities */,
				F11ECD7F1E9B9E3400EC0126 /* Models */,
				F15032721E9AC0E700BEB7F8 /* Networking */,
				F1EAB6601E9E21A2001EE746 /* Utilities */,
				F143A6F51E9A4F61003B11D1 /* ViewControllers */,
				F143A6DE1E9A4E27003B11D1 /* AppDelegate.h */,
				F143A6DF1E9A4E27003B11D1 /* AppDelegate.m */,
				F143A70C1E9A667C003B11D1 /* Constants.h */,
				F143A70D1E9A667C003B11D1 /* Constants.m */,
				F143A6E41E9A4E27003B11D1 /* Main.storyboard */,
				F143A6EA1E9A4E27003B11D1 /* Assets.xcassets */,
				F3B48FCC1E9F7D0A003A1731 /* iSchool-Prefix.pch */,
				F143A6EC1E9A4E27003B11D1 /* LaunchScreen.storyboard */,
				F143A72B1E9AA996003B11D1 /* GoogleService-Info.plist */,
				F143A6EF1E9A4E27003B11D1 /* Info.plist */,
				F143A6E71E9A4E27003B11D1 /* iSchool.xcdatamodeld */,
				F143A6DB1E9A4E27003B11D1 /* Supporting Files */,
			);
			path = iSchool;
			sourceTree = "<group>";
		};
		F143A6DB1E9A4E27003B11D1 /* Supporting Files */ = {
			isa = PBXGroup;
			children = (
				F143A6DC1E9A4E27003B11D1 /* main.m */,
			);
			name = "Supporting Files";
			sourceTree = "<group>";
		};
		F143A6F51E9A4F61003B11D1 /* ViewControllers */ = {
			isa = PBXGroup;
			children = (
				F143A6FF1E9A5508003B11D1 /* Cells */,
				F18012591EA78DF400E80930 /* Pupil */,
				F180125A1EA78E0200E80930 /* Teacher */,
				F126BA8E1EA7F17B00A9392C /* CongratulationViewController.h */,
				F126BA8F1EA7F17B00A9392C /* CongratulationViewController.m */,
				F143A6F61E9A4F77003B11D1 /* LoginViewController.h */,
				F143A6F71E9A4F77003B11D1 /* LoginViewController.m */,
				F143A7281E9AA674003B11D1 /* NoticeDetailedViewController.h */,
				F143A7291E9AA674003B11D1 /* NoticeDetailedViewController.m */,
				F143A7251E9A9B67003B11D1 /* NoticesViewController.h */,
				F143A7261E9A9B67003B11D1 /* NoticesViewController.m */,
				F1DF6E681EA01A7400973B34 /* RegistrationViewController.h */,
				F1DF6E691EA01A7400973B34 /* RegistrationViewController.m */,
				F1DF6E6B1EA01E8B00973B34 /* RegistrationDetailsViewController.h */,
				F1DF6E6C1EA01E8B00973B34 /* RegistrationDetailsViewController.m */,
				F143A71F1E9A8FEB003B11D1 /* SubjectMaterialsViewController.h */,
				F143A7201E9A8FEB003B11D1 /* SubjectMaterialsViewController.m */,
				F180125E1EA7A2A800E80930 /* TeacherRegistrationViewController.h */,
				F180125F1EA7A2A800E80930 /* TeacherRegistrationViewController.m */,
			);
			name = ViewControllers;
			sourceTree = "<group>";
		};
		F143A6FF1E9A5508003B11D1 /* Cells */ = {
			isa = PBXGroup;
			children = (
				F1FBF1DA1E9C02C600B9D49D /* MarkTableViewCell.h */,
				F1FBF1DB1E9C02C600B9D49D /* MarkTableViewCell.m */,
				F143A7001E9A5AAB003B11D1 /* SectionCollectionViewCell.h */,
				F143A7011E9A5AAB003B11D1 /* SectionCollectionViewCell.m */,
				F143A7031E9A5B6B003B11D1 /* SectionCollectionViewCell.xib */,
				F143A7221E9A96AD003B11D1 /* SubjectMaterialTableViewCell.h */,
				F143A7231E9A96AD003B11D1 /* SubjectMaterialTableViewCell.m */,
				F143A7121E9A71E6003B11D1 /* SubjectTableViewCell.h */,
				F143A7131E9A71E6003B11D1 /* SubjectTableViewCell.m */,
			);
			name = Cells;
			sourceTree = "<group>";
		};
		F15032721E9AC0E700BEB7F8 /* Networking */ = {
			isa = PBXGroup;
			children = (
				F15032761E9AC21600BEB7F8 /* Services */,
				F15032731E9AC11D00BEB7F8 /* NetworkManager.h */,
				F15032741E9AC11D00BEB7F8 /* NetworkManager.m */,
			);
			name = Networking;
			sourceTree = "<group>";
		};
		F15032761E9AC21600BEB7F8 /* Services */ = {
			isa = PBXGroup;
			children = (
				F1FBF1DD1E9C154500B9D49D /* ClassService.h */,
				F1FBF1DE1E9C154500B9D49D /* ClassService.m */,
				F1FBF1EC1E9D161400B9D49D /* MaterialsService.h */,
				F1FBF1ED1E9D161400B9D49D /* MaterialsService.m */,
				F180125B1EA79A3E00E80930 /* RegistrationService.h */,
				F180125C1EA79A3E00E80930 /* RegistrationService.m */,
				F1FBF1E31E9CDF6300B9D49D /* ScheduleService.h */,
				F1FBF1E41E9CDF6300B9D49D /* ScheduleService.m */,
				F15032771E9AC25A00BEB7F8 /* SubjectsService.h */,
				F15032781E9AC25A00BEB7F8 /* SubjectsService.m */,
				F11ECD7C1E9B9D9400EC0126 /* UserService.h */,
				F11ECD7D1E9B9D9400EC0126 /* UserService.m */,
			);
			name = Services;
			sourceTree = "<group>";
		};
		F18012591EA78DF400E80930 /* Pupil */ = {
			isa = PBXGroup;
			children = (
				F143A70F1E9A70D3003B11D1 /* JournalViewController.h */,
				F143A7101E9A70D3003B11D1 /* JournalViewController.m */,
				F11ECD881E9BB8D000EC0126 /* ProfileViewController.h */,
				F11ECD891E9BB8D000EC0126 /* ProfileViewController.m */,
				F181EA791EA3921100A95AC7 /* PupilClassViewController.h */,
				F181EA7A1EA3921100A95AC7 /* PupilClassViewController.m */,
				F143A6F91E9A4FDE003B11D1 /* PupilPanelViewController.h */,
				F143A6FA1E9A4FDE003B11D1 /* PupilPanelViewController.m */,
				F143A7191E9A81F9003B11D1 /* ScheduleViewController.h */,
				F143A71A1E9A81F9003B11D1 /* ScheduleViewController.m */,
				F11ECD791E9B798300EC0126 /* SubjectInfoViewController.h */,
				F11ECD7A1E9B798300EC0126 /* SubjectInfoViewController.m */,
				F143A7161E9A79F1003B11D1 /* SubjectJournalViewController.h */,
				F143A7171E9A79F1003B11D1 /* SubjectJournalViewController.m */,
			);
			name = Pupil;
			sourceTree = "<group>";
		};
		F180125A1EA78E0200E80930 /* Teacher */ = {
			isa = PBXGroup;
			children = (
				F181EA8A1EA3EB9D00A95AC7 /* PupilMarksViewController.h */,
				F181EA8B1EA3EB9D00A95AC7 /* PupilMarksViewController.m */,
				F181EA811EA3D04800A95AC7 /* ClassesListViewController.h */,
				F181EA821EA3D04800A95AC7 /* ClassesListViewController.m */,
				F181EA871EA3E05800A95AC7 /* ClassPupilsViewController.h */,
				F181EA881EA3E05800A95AC7 /* ClassPupilsViewController.m */,
				F181EA841EA3D75A00A95AC7 /* ClassSubjectsViewController.h */,
				F181EA851EA3D75A00A95AC7 /* ClassSubjectsViewController.m */,
				F143A6FC1E9A4FEE003B11D1 /* TeacherPanelViewController.h */,
				F143A6FD1E9A4FEE003B11D1 /* TeacherPanelViewController.m */,
			);
			name = Teacher;
			sourceTree = "<group>";
		};
		F1EAB6601E9E21A2001EE746 /* Utilities */ = {
			isa = PBXGroup;
			children = (
				F1EAB6611E9E21BE001EE746 /* CustomActivityIndicator */,
			);
			name = Utilities;
			sourceTree = "<group>";
		};
		F1EAB6611E9E21BE001EE746 /* CustomActivityIndicator */ = {
			isa = PBXGroup;
			children = (
				F1EAB6621E9E21DB001EE746 /* DDIndicator.h */,
				F1EAB6631E9E21DB001EE746 /* DDIndicator.m */,
			);
			name = CustomActivityIndicator;
			sourceTree = "<group>";
		};
		F3E9B0741EA8FD3000643953 /* Entities */ = {
			isa = PBXGroup;
			children = (
				F3E9B0751EA8FD5000643953 /* Note+CoreDataClass.h */,
				F3E9B0761EA8FD5000643953 /* Note+CoreDataClass.m */,
				F3E9B0771EA8FD5000643953 /* Note+CoreDataProperties.h */,
				F3E9B0781EA8FD5000643953 /* Note+CoreDataProperties.m */,
			);
			name = Entities;
			sourceTree = "<group>";
		};
		F3E9B07B1EAA36F400643953 /* CoreDataProvider */ = {
			isa = PBXGroup;
			children = (
			);
			name = CoreDataProvider;
			sourceTree = "<group>";
		};
/* End PBXGroup section */

/* Begin PBXNativeTarget section */
		F143A6D71E9A4E27003B11D1 /* iSchool */ = {
			isa = PBXNativeTarget;
			buildConfigurationList = F143A6F21E9A4E27003B11D1 /* Build configuration list for PBXNativeTarget "iSchool" */;
			buildPhases = (
				A892B2511CA402A74FD7680F /* [CP] Check Pods Manifest.lock */,
				F143A6D41E9A4E27003B11D1 /* Sources */,
				F143A6D51E9A4E27003B11D1 /* Frameworks */,
				F143A6D61E9A4E27003B11D1 /* Resources */,
				3C24498DA1CD59956D1B7978 /* [CP] Embed Pods Frameworks */,
				B1925935296500512C2568EB /* [CP] Copy Pods Resources */,
			);
			buildRules = (
			);
			dependencies = (
			);
			name = iSchool;
			productName = iSchool;
			productReference = F143A6D81E9A4E27003B11D1 /* iSchool.app */;
			productType = "com.apple.product-type.application";
		};
/* End PBXNativeTarget section */

/* Begin PBXProject section */
		F143A6D01E9A4E27003B11D1 /* Project object */ = {
			isa = PBXProject;
			attributes = {
				LastUpgradeCheck = 0830;
				ORGANIZATIONNAME = "Pavel Ivanov";
				TargetAttributes = {
					F143A6D71E9A4E27003B11D1 = {
						CreatedOnToolsVersion = 8.3.1;
						DevelopmentTeam = QL67B5CVGR;
						ProvisioningStyle = Automatic;
					};
				};
			};
			buildConfigurationList = F143A6D31E9A4E27003B11D1 /* Build configuration list for PBXProject "iSchool" */;
			compatibilityVersion = "Xcode 3.2";
			developmentRegion = English;
			hasScannedForEncodings = 0;
			knownRegions = (
				en,
				Base,
			);
			mainGroup = F143A6CF1E9A4E27003B11D1;
			productRefGroup = F143A6D91E9A4E27003B11D1 /* Products */;
			projectDirPath = "";
			projectRoot = "";
			targets = (
				F143A6D71E9A4E27003B11D1 /* iSchool */,
			);
		};
/* End PBXProject section */

/* Begin PBXResourcesBuildPhase section */
		F143A6D61E9A4E27003B11D1 /* Resources */ = {
			isa = PBXResourcesBuildPhase;
			buildActionMask = 2147483647;
			files = (
				F143A6EE1E9A4E27003B11D1 /* LaunchScreen.storyboard in Resources */,
				F143A6EB1E9A4E27003B11D1 /* Assets.xcassets in Resources */,
				F143A72C1E9AA996003B11D1 /* GoogleService-Info.plist in Resources */,
				F143A7041E9A5B6B003B11D1 /* SectionCollectionViewCell.xib in Resources */,
				F143A6E61E9A4E27003B11D1 /* Main.storyboard in Resources */,
			);
			runOnlyForDeploymentPostprocessing = 0;
		};
/* End PBXResourcesBuildPhase section */

/* Begin PBXShellScriptBuildPhase section */
		3C24498DA1CD59956D1B7978 /* [CP] Embed Pods Frameworks */ = {
			isa = PBXShellScriptBuildPhase;
			buildActionMask = 2147483647;
			files = (
			);
			inputPaths = (
			);
			name = "[CP] Embed Pods Frameworks";
			outputPaths = (
			);
			runOnlyForDeploymentPostprocessing = 0;
			shellPath = /bin/sh;
			shellScript = "\"${SRCROOT}/Pods/Target Support Files/Pods-iSchool/Pods-iSchool-frameworks.sh\"\n";
			showEnvVarsInLog = 0;
		};
		A892B2511CA402A74FD7680F /* [CP] Check Pods Manifest.lock */ = {
			isa = PBXShellScriptBuildPhase;
			buildActionMask = 2147483647;
			files = (
			);
			inputPaths = (
			);
			name = "[CP] Check Pods Manifest.lock";
			outputPaths = (
			);
			runOnlyForDeploymentPostprocessing = 0;
			shellPath = /bin/sh;
			shellScript = "diff \"${PODS_ROOT}/../Podfile.lock\" \"${PODS_ROOT}/Manifest.lock\" > /dev/null\nif [ $? != 0 ] ; then\n    # print error to STDERR\n    echo \"error: The sandbox is not in sync with the Podfile.lock. Run 'pod install' or update your CocoaPods installation.\" >&2\n    exit 1\nfi\n";
			showEnvVarsInLog = 0;
		};
		B1925935296500512C2568EB /* [CP] Copy Pods Resources */ = {
			isa = PBXShellScriptBuildPhase;
			buildActionMask = 2147483647;
			files = (
			);
			inputPaths = (
			);
			name = "[CP] Copy Pods Resources";
			outputPaths = (
			);
			runOnlyForDeploymentPostprocessing = 0;
			shellPath = /bin/sh;
			shellScript = "\"${SRCROOT}/Pods/Target Support Files/Pods-iSchool/Pods-iSchool-resources.sh\"\n";
			showEnvVarsInLog = 0;
		};
/* End PBXShellScriptBuildPhase section */

/* Begin PBXSourcesBuildPhase section */
		F143A6D41E9A4E27003B11D1 /* Sources */ = {
			isa = PBXSourcesBuildPhase;
			buildActionMask = 2147483647;
			files = (
				F11ECD7B1E9B798300EC0126 /* SubjectInfoViewController.m in Sources */,
				F181EA831EA3D04800A95AC7 /* ClassesListViewController.m in Sources */,
				F143A6F81E9A4F77003B11D1 /* LoginViewController.m in Sources */,
				F11ECD821E9B9E4600EC0126 /* UserModel.m in Sources */,
				F3B879AE1E9FD66600DFD0E0 /* TeacherModel.m in Sources */,
				F143A7211E9A8FEB003B11D1 /* SubjectMaterialsViewController.m in Sources */,
				F143A7021E9A5AAB003B11D1 /* SectionCollectionViewCell.m in Sources */,
				F18012601EA7A2A800E80930 /* TeacherRegistrationViewController.m in Sources */,
				F143A6FB1E9A4FDE003B11D1 /* PupilPanelViewController.m in Sources */,
				F3E9B07A1EA8FD5000643953 /* Note+CoreDataProperties.m in Sources */,
				F181EA891EA3E05800A95AC7 /* ClassPupilsViewController.m in Sources */,
				F126BA901EA7F17B00A9392C /* CongratulationViewController.m in Sources */,
				F143A70E1E9A667C003B11D1 /* Constants.m in Sources */,
				F11ECD8A1E9BB8D000EC0126 /* ProfileViewController.m in Sources */,
				F143A6E91E9A4E27003B11D1 /* iSchool.xcdatamodeld in Sources */,
				F143A72A1E9AA674003B11D1 /* NoticeDetailedViewController.m in Sources */,
				F181EA8C1EA3EB9D00A95AC7 /* PupilMarksViewController.m in Sources */,
				F1DF6E6D1EA01E8B00973B34 /* RegistrationDetailsViewController.m in Sources */,
				F11ECD7E1E9B9D9400EC0126 /* UserService.m in Sources */,
				F143A7271E9A9B67003B11D1 /* NoticesViewController.m in Sources */,
				F15032791E9AC25A00BEB7F8 /* SubjectsService.m in Sources */,
				F1DF6E671E9E69ED00973B34 /* NoteModel.m in Sources */,
				F143A6E01E9A4E27003B11D1 /* AppDelegate.m in Sources */,
				F1FBF1EE1E9D161400B9D49D /* MaterialsService.m in Sources */,
				F1FBF1E21E9C1F7C00B9D49D /* MarkModel.m in Sources */,
				F1EAB6641E9E21DB001EE746 /* DDIndicator.m in Sources */,
				F181EA7B1EA3921100A95AC7 /* PupilClassViewController.m in Sources */,
				F143A7241E9A96AD003B11D1 /* SubjectMaterialTableViewCell.m in Sources */,
				F181EA861EA3D75A00A95AC7 /* ClassSubjectsViewController.m in Sources */,
				F143A7141E9A71E6003B11D1 /* SubjectTableViewCell.m in Sources */,
				F1FBF1DF1E9C154500B9D49D /* ClassService.m in Sources */,
				F1FBF1EB1E9D154000B9D49D /* MaterialModel.m in Sources */,
				F3E9B0791EA8FD5000643953 /* Note+CoreDataClass.m in Sources */,
				F143A71B1E9A81F9003B11D1 /* ScheduleViewController.m in Sources */,
				F15032751E9AC11D00BEB7F8 /* NetworkManager.m in Sources */,
				F143A7181E9A79F1003B11D1 /* SubjectJournalViewController.m in Sources */,
				F143A7111E9A70D3003B11D1 /* JournalViewController.m in Sources */,
				F1FBF1E51E9CDF6300B9D49D /* ScheduleService.m in Sources */,
				F1FBF1DC1E9C02C600B9D49D /* MarkTableViewCell.m in Sources */,
				F1DF6E6A1EA01A7400973B34 /* RegistrationViewController.m in Sources */,
				F143A6FE1E9A4FEE003B11D1 /* TeacherPanelViewController.m in Sources */,
				F1FBF1E81E9CFA3400B9D49D /* ScheduleDayModel.m in Sources */,
				F11ECD861E9BB4F800EC0126 /* UIColor+CustomColors.m in Sources */,
				F181EA7E1EA3A5CC00A95AC7 /* ClassModel.m in Sources */,
				F180125D1EA79A3E00E80930 /* RegistrationService.m in Sources */,
				F143A6DD1E9A4E27003B11D1 /* main.m in Sources */,
			);
			runOnlyForDeploymentPostprocessing = 0;
		};
/* End PBXSourcesBuildPhase section */

/* Begin PBXVariantGroup section */
		F143A6E41E9A4E27003B11D1 /* Main.storyboard */ = {
			isa = PBXVariantGroup;
			children = (
				F143A6E51E9A4E27003B11D1 /* Base */,
			);
			name = Main.storyboard;
			sourceTree = "<group>";
		};
		F143A6EC1E9A4E27003B11D1 /* LaunchScreen.storyboard */ = {
			isa = PBXVariantGroup;
			children = (
				F143A6ED1E9A4E27003B11D1 /* Base */,
			);
			name = LaunchScreen.storyboard;
			sourceTree = "<group>";
		};
/* End PBXVariantGroup section */

/* Begin XCBuildConfiguration section */
		F143A6F01E9A4E27003B11D1 /* Debug */ = {
			isa = XCBuildConfiguration;
			buildSettings = {
				ALWAYS_SEARCH_USER_PATHS = NO;
				CLANG_ANALYZER_NONNULL = YES;
				CLANG_ANALYZER_NUMBER_OBJECT_CONVERSION = YES_AGGRESSIVE;
				CLANG_CXX_LANGUAGE_STANDARD = "gnu++0x";
				CLANG_CXX_LIBRARY = "libc++";
				CLANG_ENABLE_MODULES = YES;
				CLANG_ENABLE_OBJC_ARC = YES;
				CLANG_WARN_BOOL_CONVERSION = YES;
				CLANG_WARN_CONSTANT_CONVERSION = YES;
				CLANG_WARN_DIRECT_OBJC_ISA_USAGE = YES_ERROR;
				CLANG_WARN_DOCUMENTATION_COMMENTS = YES;
				CLANG_WARN_EMPTY_BODY = YES;
				CLANG_WARN_ENUM_CONVERSION = YES;
				CLANG_WARN_INFINITE_RECURSION = YES;
				CLANG_WARN_INT_CONVERSION = YES;
				CLANG_WARN_OBJC_ROOT_CLASS = YES_ERROR;
				CLANG_WARN_SUSPICIOUS_MOVE = YES;
				CLANG_WARN_UNREACHABLE_CODE = YES;
				CLANG_WARN__DUPLICATE_METHOD_MATCH = YES;
				"CODE_SIGN_IDENTITY[sdk=iphoneos*]" = "iPhone Developer";
				COPY_PHASE_STRIP = NO;
				DEBUG_INFORMATION_FORMAT = dwarf;
				ENABLE_STRICT_OBJC_MSGSEND = YES;
				ENABLE_TESTABILITY = YES;
				GCC_C_LANGUAGE_STANDARD = gnu99;
				GCC_DYNAMIC_NO_PIC = NO;
				GCC_NO_COMMON_BLOCKS = YES;
				GCC_OPTIMIZATION_LEVEL = 0;
				GCC_PREPROCESSOR_DEFINITIONS = (
					"DEBUG=1",
					"$(inherited)",
				);
				GCC_WARN_64_TO_32_BIT_CONVERSION = YES;
				GCC_WARN_ABOUT_RETURN_TYPE = YES_ERROR;
				GCC_WARN_UNDECLARED_SELECTOR = YES;
				GCC_WARN_UNINITIALIZED_AUTOS = YES_AGGRESSIVE;
				GCC_WARN_UNUSED_FUNCTION = YES;
				GCC_WARN_UNUSED_VARIABLE = YES;
				IPHONEOS_DEPLOYMENT_TARGET = 10.3;
				MTL_ENABLE_DEBUG_INFO = YES;
				ONLY_ACTIVE_ARCH = YES;
				SDKROOT = iphoneos;
			};
			name = Debug;
		};
		F143A6F11E9A4E27003B11D1 /* Release */ = {
			isa = XCBuildConfiguration;
			buildSettings = {
				ALWAYS_SEARCH_USER_PATHS = NO;
				CLANG_ANALYZER_NONNULL = YES;
				CLANG_ANALYZER_NUMBER_OBJECT_CONVERSION = YES_AGGRESSIVE;
				CLANG_CXX_LANGUAGE_STANDARD = "gnu++0x";
				CLANG_CXX_LIBRARY = "libc++";
				CLANG_ENABLE_MODULES = YES;
				CLANG_ENABLE_OBJC_ARC = YES;
				CLANG_WARN_BOOL_CONVERSION = YES;
				CLANG_WARN_CONSTANT_CONVERSION = YES;
				CLANG_WARN_DIRECT_OBJC_ISA_USAGE = YES_ERROR;
				CLANG_WARN_DOCUMENTATION_COMMENTS = YES;
				CLANG_WARN_EMPTY_BODY = YES;
				CLANG_WARN_ENUM_CONVERSION = YES;
				CLANG_WARN_INFINITE_RECURSION = YES;
				CLANG_WARN_INT_CONVERSION = YES;
				CLANG_WARN_OBJC_ROOT_CLASS = YES_ERROR;
				CLANG_WARN_SUSPICIOUS_MOVE = YES;
				CLANG_WARN_UNREACHABLE_CODE = YES;
				CLANG_WARN__DUPLICATE_METHOD_MATCH = YES;
				"CODE_SIGN_IDENTITY[sdk=iphoneos*]" = "iPhone Developer";
				COPY_PHASE_STRIP = NO;
				DEBUG_INFORMATION_FORMAT = "dwarf-with-dsym";
				ENABLE_NS_ASSERTIONS = NO;
				ENABLE_STRICT_OBJC_MSGSEND = YES;
				GCC_C_LANGUAGE_STANDARD = gnu99;
				GCC_NO_COMMON_BLOCKS = YES;
				GCC_WARN_64_TO_32_BIT_CONVERSION = YES;
				GCC_WARN_ABOUT_RETURN_TYPE = YES_ERROR;
				GCC_WARN_UNDECLARED_SELECTOR = YES;
				GCC_WARN_UNINITIALIZED_AUTOS = YES_AGGRESSIVE;
				GCC_WARN_UNUSED_FUNCTION = YES;
				GCC_WARN_UNUSED_VARIABLE = YES;
				IPHONEOS_DEPLOYMENT_TARGET = 10.3;
				MTL_ENABLE_DEBUG_INFO = NO;
				SDKROOT = iphoneos;
				VALIDATE_PRODUCT = YES;
			};
			name = Release;
		};
		F143A6F31E9A4E27003B11D1 /* Debug */ = {
			isa = XCBuildConfiguration;
			baseConfigurationReference = 6396329339242E404DBBDE89 /* Pods-iSchool.debug.xcconfig */;
			buildSettings = {
				ASSETCATALOG_COMPILER_APPICON_NAME = AppIcon;
				"CODE_SIGN_IDENTITY[sdk=iphoneos*]" = "iPhone Developer";
				DEVELOPMENT_TEAM = QL67B5CVGR;
				ENABLE_BITCODE = YES;
				"FRAMEWORK_SEARCH_PATHS[arch=*]" = (
					"$(inherited)",
					"\"${PODS_ROOT}/Fabric/iOS\"",
					"\"${PODS_ROOT}/FirebaseAnalytics/Frameworks\"",
					"\"${PODS_ROOT}/FirebaseAuth/Frameworks\"",
					"\"${PODS_ROOT}/FirebaseCore/Frameworks\"",
					"\"${PODS_ROOT}/FirebaseDatabase/Frameworks\"",
					"\"${PODS_ROOT}/FirebaseInstanceID/Frameworks\"",
					"\"${PODS_ROOT}/FirebaseStorage/Frameworks\"",
					"\"${PODS_ROOT}/FirebaseUI/FirebaseUIFrameworks/FirebaseAuthUI/Frameworks\"",
					"\"${PODS_ROOT}/FirebaseUI/FirebaseUIFrameworks/FirebaseDatabaseUI/Frameworks\"",
					"\"${PODS_ROOT}/FirebaseUI/FirebaseUIFrameworks/FirebaseFacebookAuthUI/Frameworks\"",
					"\"${PODS_ROOT}/FirebaseUI/FirebaseUIFrameworks/FirebaseGoogleAuthUI/Frameworks\"",
					"\"${PODS_ROOT}/FirebaseUI/FirebaseUIFrameworks/FirebaseStorageUI/Frameworks\"",
					"\"${PODS_ROOT}/FirebaseUI/FirebaseUIFrameworks/FirebaseTwitterAuthUI/Frameworks\"",
					"\"${PODS_ROOT}/GoogleSignIn/Frameworks\"",
					"\"${PODS_ROOT}/TwitterCore/iOS\"",
					"\"${PODS_ROOT}/TwitterKit/iOS\"",
				);
				GCC_PRECOMPILE_PREFIX_HEADER = YES;
				GCC_PREFIX_HEADER = "$(SRCROOT)/iSchool/iSchool-Prefix.pch";
				INFOPLIST_FILE = iSchool/Info.plist;
				IPHONEOS_DEPLOYMENT_TARGET = 9.0;
				LD_RUNPATH_SEARCH_PATHS = "$(inherited) @executable_path/Frameworks";
				PRODUCT_BUNDLE_IDENTIFIER = PI.iSchool;
				PRODUCT_NAME = "$(TARGET_NAME)";
				PROVISIONING_PROFILE_SPECIFIER = "";
			};
			name = Debug;
		};
		F143A6F41E9A4E27003B11D1 /* Release */ = {
			isa = XCBuildConfiguration;
			baseConfigurationReference = 6ED6ECCE59737AB82A5D5080 /* Pods-iSchool.release.xcconfig */;
			buildSettings = {
				ASSETCATALOG_COMPILER_APPICON_NAME = AppIcon;
				"CODE_SIGN_IDENTITY[sdk=iphoneos*]" = "iPhone Developer";
				DEVELOPMENT_TEAM = QL67B5CVGR;
				ENABLE_BITCODE = YES;
				GCC_PRECOMPILE_PREFIX_HEADER = YES;
				GCC_PREFIX_HEADER = "$(SRCROOT)/iSchool/iSchool-Prefix.pch";
				INFOPLIST_FILE = iSchool/Info.plist;
				IPHONEOS_DEPLOYMENT_TARGET = 9.0;
				LD_RUNPATH_SEARCH_PATHS = "$(inherited) @executable_path/Frameworks";
				PRODUCT_BUNDLE_IDENTIFIER = PI.iSchool;
				PRODUCT_NAME = "$(TARGET_NAME)";
				PROVISIONING_PROFILE_SPECIFIER = "";
			};
			name = Release;
		};
/* End XCBuildConfiguration section */

/* Begin XCConfigurationList section */
		F143A6D31E9A4E27003B11D1 /* Build configuration list for PBXProject "iSchool" */ = {
			isa = XCConfigurationList;
			buildConfigurations = (
				F143A6F01E9A4E27003B11D1 /* Debug */,
				F143A6F11E9A4E27003B11D1 /* Release */,
			);
			defaultConfigurationIsVisible = 0;
			defaultConfigurationName = Release;
		};
		F143A6F21E9A4E27003B11D1 /* Build configuration list for PBXNativeTarget "iSchool" */ = {
			isa = XCConfigurationList;
			buildConfigurations = (
				F143A6F31E9A4E27003B11D1 /* Debug */,
				F143A6F41E9A4E27003B11D1 /* Release */,
			);
			defaultConfigurationIsVisible = 0;
			defaultConfigurationName = Release;
		};
/* End XCConfigurationList section */

/* Begin XCVersionGroup section */
		F143A6E71E9A4E27003B11D1 /* iSchool.xcdatamodeld */ = {
			isa = XCVersionGroup;
			children = (
				F143A6E81E9A4E27003B11D1 /* iSchool.xcdatamodel */,
			);
			currentVersion = F143A6E81E9A4E27003B11D1 /* iSchool.xcdatamodel */;
			path = iSchool.xcdatamodeld;
			sourceTree = "<group>";
			versionGroupType = wrapper.xcdatamodel;
		};
/* End XCVersionGroup section */
	};
	rootObject = F143A6D01E9A4E27003B11D1 /* Project object */;
}
